// !$*UTF8*$!
{
	archiveVersion = 1;
	classes = {
	};
	objectVersion = 55;
	objects = {

/* Begin PBXBuildFile section */
		6A4F4E59DF2C9A001B6076CA /* Pods_TrittstufeTests.framework in Frameworks */ = {isa = PBXBuildFile; fileRef = 9A8B6589B068F220BFB46D28 /* Pods_TrittstufeTests.framework */; };
		8387DC4BB5212A6E7158F7DF /* Pods_Trittstufe_TrittstufeUITests.framework in Frameworks */ = {isa = PBXBuildFile; fileRef = 0091062914BEE10808895AC2 /* Pods_Trittstufe_TrittstufeUITests.framework */; };
		850404902827A452009DB876 /* CryptoHelper.swift in Sources */ = {isa = PBXBuildFile; fileRef = 8504048F2827A452009DB876 /* CryptoHelper.swift */; };
		85242A6B2806DCE6004FC32C /* AuthenticationService.swift in Sources */ = {isa = PBXBuildFile; fileRef = 85242A6A2806DCE6004FC32C /* AuthenticationService.swift */; };
		85242A6D28084BE9004FC32C /* ClientConfiguration.swift in Sources */ = {isa = PBXBuildFile; fileRef = 85242A6C28084BE9004FC32C /* ClientConfiguration.swift */; };
		852891322843C24C0074BC64 /* StepEngineControlService.swift in Sources */ = {isa = PBXBuildFile; fileRef = 852891312843C24C0074BC64 /* StepEngineControlService.swift */; };
		854E9BE22802E9C70005546B /* SetupCoordinator.swift in Sources */ = {isa = PBXBuildFile; fileRef = 854E9BE12802E9C70005546B /* SetupCoordinator.swift */; };
		854E9BE42802EDED0005546B /* SetupLoadingViewController.swift in Sources */ = {isa = PBXBuildFile; fileRef = 854E9BE32802EDED0005546B /* SetupLoadingViewController.swift */; };
		854E9BE72802EDFE0005546B /* SetupLoadingViewController .swift in Sources */ = {isa = PBXBuildFile; fileRef = 854E9BE52802EDFE0005546B /* SetupLoadingViewController .swift */; };
		854E9BE82802EDFE0005546B /* SetupLoadingViewController.xib in Resources */ = {isa = PBXBuildFile; fileRef = 854E9BE62802EDFE0005546B /* SetupLoadingViewController.xib */; };
		854E9BEA2802EECB0005546B /* SetupStage.swift in Sources */ = {isa = PBXBuildFile; fileRef = 854E9BE92802EECB0005546B /* SetupStage.swift */; };
		854E9BEF2802F20F0005546B /* ConfigurationViewController.swift in Sources */ = {isa = PBXBuildFile; fileRef = 854E9BED2802F20F0005546B /* ConfigurationViewController.swift */; };
		854E9BF02802F20F0005546B /* ConfigurationViewController.xib in Resources */ = {isa = PBXBuildFile; fileRef = 854E9BEE2802F20F0005546B /* ConfigurationViewController.xib */; };
		854E9BF22802F2200005546B /* ConfigurationPresenter.swift in Sources */ = {isa = PBXBuildFile; fileRef = 854E9BF12802F2200005546B /* ConfigurationPresenter.swift */; };
		854E9BF6280359640005546B /* DispatchQueue+Extension.swift in Sources */ = {isa = PBXBuildFile; fileRef = 854E9BF5280359640005546B /* DispatchQueue+Extension.swift */; };
		854E9BFC280361C70005546B /* AuthenticationPresenter.swift in Sources */ = {isa = PBXBuildFile; fileRef = 854E9BFB280361C70005546B /* AuthenticationPresenter.swift */; };
		854E9BFF2803621D0005546B /* AuthenticationViewController.swift in Sources */ = {isa = PBXBuildFile; fileRef = 854E9BFD2803621D0005546B /* AuthenticationViewController.swift */; };
		854E9C002803621D0005546B /* AuthenticationViewController.xib in Resources */ = {isa = PBXBuildFile; fileRef = 854E9BFE2803621D0005546B /* AuthenticationViewController.xib */; };
		854E9C02280367EF0005546B /* Presenter+Protocol.swift in Sources */ = {isa = PBXBuildFile; fileRef = 854E9C01280367EF0005546B /* Presenter+Protocol.swift */; };
		854E9C04280370A90005546B /* UserDefaults.swift in Sources */ = {isa = PBXBuildFile; fileRef = 854E9C03280370A90005546B /* UserDefaults.swift */; };
		854E9C0628040D6F0005546B /* KeychainService.swift in Sources */ = {isa = PBXBuildFile; fileRef = 854E9C0528040D6F0005546B /* KeychainService.swift */; };
		85826B8D2809D787005BEEF6 /* DummyBackendData.swift in Sources */ = {isa = PBXBuildFile; fileRef = 85826B8C2809D787005BEEF6 /* DummyBackendData.swift */; };
		85826B8F2809E04D005BEEF6 /* NetworkService.swift in Sources */ = {isa = PBXBuildFile; fileRef = 85826B8E2809E04D005BEEF6 /* NetworkService.swift */; };
		85826B92280BF6D5005BEEF6 /* RequestLocationPermissionViewController.swift in Sources */ = {isa = PBXBuildFile; fileRef = 85826B90280BF6D5005BEEF6 /* RequestLocationPermissionViewController.swift */; };
		85826B93280BF6D5005BEEF6 /* RequestLocationPermissionViewController.xib in Resources */ = {isa = PBXBuildFile; fileRef = 85826B91280BF6D5005BEEF6 /* RequestLocationPermissionViewController.xib */; };
		85826B95280BF7FD005BEEF6 /* LocationService.swift in Sources */ = {isa = PBXBuildFile; fileRef = 85826B94280BF7FD005BEEF6 /* LocationService.swift */; };
		85826B97280BFBB5005BEEF6 /* RequestLocationPermissionPresenter.swift in Sources */ = {isa = PBXBuildFile; fileRef = 85826B96280BFBB5005BEEF6 /* RequestLocationPermissionPresenter.swift */; };
		85826B99280D5082005BEEF6 /* CarBackendModel.swift in Sources */ = {isa = PBXBuildFile; fileRef = 85826B98280D5081005BEEF6 /* CarBackendModel.swift */; };
		85826B9B280D508A005BEEF6 /* UserBackendModel.swift in Sources */ = {isa = PBXBuildFile; fileRef = 85826B9A280D508A005BEEF6 /* UserBackendModel.swift */; };
		8582BE4A280E9F6C005BC299 /* RoundedCorner.swift in Sources */ = {isa = PBXBuildFile; fileRef = 8582BE49280E9F6C005BC299 /* RoundedCorner.swift */; };
		8582BE4C280EA16D005BC299 /* LabelTextFieldView.swift in Sources */ = {isa = PBXBuildFile; fileRef = 8582BE4B280EA16D005BC299 /* LabelTextFieldView.swift */; };
		8582BE4E280EA1DE005BC299 /* NibLoadingView.swift in Sources */ = {isa = PBXBuildFile; fileRef = 8582BE4D280EA1DE005BC299 /* NibLoadingView.swift */; };
		8582BE50280EA257005BC299 /* LabelTextFieldView.xib in Resources */ = {isa = PBXBuildFile; fileRef = 8582BE4F280EA257005BC299 /* LabelTextFieldView.xib */; };
		8589766A2813DF5C001E264C /* SetupStageService.swift in Sources */ = {isa = PBXBuildFile; fileRef = 858976692813DF5C001E264C /* SetupStageService.swift */; };
		8589766C28153B87001E264C /* SwipeButton.swift in Sources */ = {isa = PBXBuildFile; fileRef = 8589766B28153B87001E264C /* SwipeButton.swift */; };
		8589766E28153BD4001E264C /* SwipeButton.xib in Resources */ = {isa = PBXBuildFile; fileRef = 8589766D28153BD4001E264C /* SwipeButton.xib */; };
		85A13CAF2840D53300ECF271 /* StepStatusView.xib in Resources */ = {isa = PBXBuildFile; fileRef = 85A13CAE2840D53300ECF271 /* StepStatusView.xib */; };
		85B1B67A284241E400B63038 /* CarStepStatus.swift in Sources */ = {isa = PBXBuildFile; fileRef = 85B1B679284241E400B63038 /* CarStepStatus.swift */; };
		85B1B67C2842AF9700B63038 /* UIView+Extension.swift in Sources */ = {isa = PBXBuildFile; fileRef = 85B1B67B2842AF9700B63038 /* UIView+Extension.swift */; };
		85C9733A2810282200D855D4 /* Color.xcassets in Resources */ = {isa = PBXBuildFile; fileRef = 85C9730B2810282200D855D4 /* Color.xcassets */; };
		85C9733B2810282200D855D4 /* Color.swift in Sources */ = {isa = PBXBuildFile; fileRef = 85C9730C2810282200D855D4 /* Color.swift */; };
		85C9735F2810282200D855D4 /* Font.swift in Sources */ = {isa = PBXBuildFile; fileRef = 85C973332810282200D855D4 /* Font.swift */; };
		85C9736728102AD500D855D4 /* GlobalAppearance.swift in Sources */ = {isa = PBXBuildFile; fileRef = 85C9736628102AD500D855D4 /* GlobalAppearance.swift */; };
		85C973692810343800D855D4 /* ButtonStyle.swift in Sources */ = {isa = PBXBuildFile; fileRef = 85C973682810343800D855D4 /* ButtonStyle.swift */; };
		85D190F028229CF4004D1506 /* SignatureHelper.swift in Sources */ = {isa = PBXBuildFile; fileRef = 85D190EF28229CF4004D1506 /* SignatureHelper.swift */; };
		85D6771627F87614004500D9 /* AppDelegate.swift in Sources */ = {isa = PBXBuildFile; fileRef = 85D6771527F87614004500D9 /* AppDelegate.swift */; };
		85D6771827F87614004500D9 /* SceneDelegate.swift in Sources */ = {isa = PBXBuildFile; fileRef = 85D6771727F87614004500D9 /* SceneDelegate.swift */; };
		85D6771D27F87614004500D9 /* Main.storyboard in Resources */ = {isa = PBXBuildFile; fileRef = 85D6771B27F87614004500D9 /* Main.storyboard */; };
		85D6772027F87614004500D9 /* Trittstufe.xcdatamodeld in Sources */ = {isa = PBXBuildFile; fileRef = 85D6771E27F87614004500D9 /* Trittstufe.xcdatamodeld */; };
		85D6772227F87615004500D9 /* Assets.xcassets in Resources */ = {isa = PBXBuildFile; fileRef = 85D6772127F87615004500D9 /* Assets.xcassets */; };
		85D6772527F87615004500D9 /* LaunchScreen.storyboard in Resources */ = {isa = PBXBuildFile; fileRef = 85D6772327F87615004500D9 /* LaunchScreen.storyboard */; };
		85D6773027F87616004500D9 /* TrittstufeTests.swift in Sources */ = {isa = PBXBuildFile; fileRef = 85D6772F27F87616004500D9 /* TrittstufeTests.swift */; };
		85D6773A27F87616004500D9 /* TrittstufeUITests.swift in Sources */ = {isa = PBXBuildFile; fileRef = 85D6773927F87616004500D9 /* TrittstufeUITests.swift */; };
		85D6773C27F87616004500D9 /* TrittstufeUITestsLaunchTests.swift in Sources */ = {isa = PBXBuildFile; fileRef = 85D6773B27F87616004500D9 /* TrittstufeUITestsLaunchTests.swift */; };
		85D6775027F876C2004500D9 /* AppCoordinator.swift in Sources */ = {isa = PBXBuildFile; fileRef = 85D6774F27F876C2004500D9 /* AppCoordinator.swift */; };
		85D6775227F87758004500D9 /* HomeCoordinator.swift in Sources */ = {isa = PBXBuildFile; fileRef = 85D6775127F87758004500D9 /* HomeCoordinator.swift */; };
		85D6775427F877A3004500D9 /* Coordinator+Protocol.swift in Sources */ = {isa = PBXBuildFile; fileRef = 85D6775327F877A3004500D9 /* Coordinator+Protocol.swift */; };
		85D6775627F877CD004500D9 /* HomePresenter.swift in Sources */ = {isa = PBXBuildFile; fileRef = 85D6775527F877CD004500D9 /* HomePresenter.swift */; };
		85D6775B27F87840004500D9 /* HomeViewController.swift in Sources */ = {isa = PBXBuildFile; fileRef = 85D6775927F87840004500D9 /* HomeViewController.swift */; };
		85D6775C27F87840004500D9 /* HomeViewController.xib in Resources */ = {isa = PBXBuildFile; fileRef = 85D6775A27F87840004500D9 /* HomeViewController.xib */; };
		85D6775E27F87E34004500D9 /* MQTTClientService.swift in Sources */ = {isa = PBXBuildFile; fileRef = 85D6775D27F87E34004500D9 /* MQTTClientService.swift */; };
		85E99BC2283E733A00532EA3 /* CarHeaderView.swift in Sources */ = {isa = PBXBuildFile; fileRef = 85E99BC1283E733A00532EA3 /* CarHeaderView.swift */; };
		85E99BC4283E735500532EA3 /* CarHeaderView.xib in Resources */ = {isa = PBXBuildFile; fileRef = 85E99BC3283E735500532EA3 /* CarHeaderView.xib */; };
		85E99BCE283E774E00532EA3 /* Inter-ExtraBold.ttf in Resources */ = {isa = PBXBuildFile; fileRef = 85E99BC5283E774D00532EA3 /* Inter-ExtraBold.ttf */; };
		85E99BCF283E774E00532EA3 /* Inter-Medium.ttf in Resources */ = {isa = PBXBuildFile; fileRef = 85E99BC6283E774D00532EA3 /* Inter-Medium.ttf */; };
		85E99BD0283E774E00532EA3 /* Inter-ExtraLight.ttf in Resources */ = {isa = PBXBuildFile; fileRef = 85E99BC7283E774E00532EA3 /* Inter-ExtraLight.ttf */; };
		85E99BD1283E774E00532EA3 /* Inter-Light.ttf in Resources */ = {isa = PBXBuildFile; fileRef = 85E99BC8283E774E00532EA3 /* Inter-Light.ttf */; };
		85E99BD2283E774E00532EA3 /* Inter-Bold.ttf in Resources */ = {isa = PBXBuildFile; fileRef = 85E99BC9283E774E00532EA3 /* Inter-Bold.ttf */; };
		85E99BD3283E774E00532EA3 /* Inter-Regular.ttf in Resources */ = {isa = PBXBuildFile; fileRef = 85E99BCA283E774E00532EA3 /* Inter-Regular.ttf */; };
		85E99BD4283E774E00532EA3 /* Inter-Thin.ttf in Resources */ = {isa = PBXBuildFile; fileRef = 85E99BCB283E774E00532EA3 /* Inter-Thin.ttf */; };
		85E99BD5283E774E00532EA3 /* Inter-SemiBold.ttf in Resources */ = {isa = PBXBuildFile; fileRef = 85E99BCC283E774E00532EA3 /* Inter-SemiBold.ttf */; };
		85E99BD6283E774E00532EA3 /* Inter-Black.ttf in Resources */ = {isa = PBXBuildFile; fileRef = 85E99BCD283E774E00532EA3 /* Inter-Black.ttf */; };
		85E99BD8283F83F600532EA3 /* InformationView.xib in Resources */ = {isa = PBXBuildFile; fileRef = 85E99BD7283F83F600532EA3 /* InformationView.xib */; };
		85E99BDA283F840000532EA3 /* InformationView.swift in Sources */ = {isa = PBXBuildFile; fileRef = 85E99BD9283F840000532EA3 /* InformationView.swift */; };
		85E99BDC283F8FDC00532EA3 /* DistanceView.swift in Sources */ = {isa = PBXBuildFile; fileRef = 85E99BDB283F8FDC00532EA3 /* DistanceView.swift */; };
		85E99BDE283F8FEB00532EA3 /* StepStatusView.swift in Sources */ = {isa = PBXBuildFile; fileRef = 85E99BDD283F8FEB00532EA3 /* StepStatusView.swift */; };
		85E99BE0283F964800532EA3 /* CarIdentification.swift in Sources */ = {isa = PBXBuildFile; fileRef = 85E99BDF283F964800532EA3 /* CarIdentification.swift */; };
		85E99BE2283F97AF00532EA3 /* CarStatus.swift in Sources */ = {isa = PBXBuildFile; fileRef = 85E99BE1283F97AF00532EA3 /* CarStatus.swift */; };
		85E99BE5283FB42C00532EA3 /* DistanceView.xib in Resources */ = {isa = PBXBuildFile; fileRef = 85E99BE4283FB42C00532EA3 /* DistanceView.xib */; };
		85F459C22806B0DD003C1C71 /* Localizable.strings in Resources */ = {isa = PBXBuildFile; fileRef = 85F459C42806B0DD003C1C71 /* Localizable.strings */; };
		85F459C82806B122003C1C71 /* QRCodeScannerViewController.xib in Resources */ = {isa = PBXBuildFile; fileRef = 85F459C62806B122003C1C71 /* QRCodeScannerViewController.xib */; };
		85F459C92806B122003C1C71 /* QRCodeScannerViewController.swift in Sources */ = {isa = PBXBuildFile; fileRef = 85F459C72806B122003C1C71 /* QRCodeScannerViewController.swift */; };
		959A07A7831CF689BAA5C497 /* Pods_Trittstufe.framework in Frameworks */ = {isa = PBXBuildFile; fileRef = 37AC2BB143BB9218AB40ECE9 /* Pods_Trittstufe.framework */; };
/* End PBXBuildFile section */

/* Begin PBXContainerItemProxy section */
		85D6772C27F87616004500D9 /* PBXContainerItemProxy */ = {
			isa = PBXContainerItemProxy;
			containerPortal = 85D6770A27F87614004500D9 /* Project object */;
			proxyType = 1;
			remoteGlobalIDString = 85D6771127F87614004500D9;
			remoteInfo = Trittstufe;
		};
		85D6773627F87616004500D9 /* PBXContainerItemProxy */ = {
			isa = PBXContainerItemProxy;
			containerPortal = 85D6770A27F87614004500D9 /* Project object */;
			proxyType = 1;
			remoteGlobalIDString = 85D6771127F87614004500D9;
			remoteInfo = Trittstufe;
		};
/* End PBXContainerItemProxy section */

/* Begin PBXFileReference section */
		0091062914BEE10808895AC2 /* Pods_Trittstufe_TrittstufeUITests.framework */ = {isa = PBXFileReference; explicitFileType = wrapper.framework; includeInIndex = 0; path = Pods_Trittstufe_TrittstufeUITests.framework; sourceTree = BUILT_PRODUCTS_DIR; };
		37AC2BB143BB9218AB40ECE9 /* Pods_Trittstufe.framework */ = {isa = PBXFileReference; explicitFileType = wrapper.framework; includeInIndex = 0; path = Pods_Trittstufe.framework; sourceTree = BUILT_PRODUCTS_DIR; };
		3FE963B7E3D2F294F75DDC25 /* Pods-TrittstufeTests.debug.xcconfig */ = {isa = PBXFileReference; includeInIndex = 1; lastKnownFileType = text.xcconfig; name = "Pods-TrittstufeTests.debug.xcconfig"; path = "Target Support Files/Pods-TrittstufeTests/Pods-TrittstufeTests.debug.xcconfig"; sourceTree = "<group>"; };
		62E1BD9DA078029E8172C317 /* Pods-TrittstufeTests.release.xcconfig */ = {isa = PBXFileReference; includeInIndex = 1; lastKnownFileType = text.xcconfig; name = "Pods-TrittstufeTests.release.xcconfig"; path = "Target Support Files/Pods-TrittstufeTests/Pods-TrittstufeTests.release.xcconfig"; sourceTree = "<group>"; };
		8504048F2827A452009DB876 /* CryptoHelper.swift */ = {isa = PBXFileReference; lastKnownFileType = sourcecode.swift; path = CryptoHelper.swift; sourceTree = "<group>"; };
		85242A6A2806DCE6004FC32C /* AuthenticationService.swift */ = {isa = PBXFileReference; lastKnownFileType = sourcecode.swift; path = AuthenticationService.swift; sourceTree = "<group>"; };
		85242A6C28084BE9004FC32C /* ClientConfiguration.swift */ = {isa = PBXFileReference; lastKnownFileType = sourcecode.swift; path = ClientConfiguration.swift; sourceTree = "<group>"; };
		852891312843C24C0074BC64 /* StepEngineControlService.swift */ = {isa = PBXFileReference; lastKnownFileType = sourcecode.swift; path = StepEngineControlService.swift; sourceTree = "<group>"; };
		854E9BE12802E9C70005546B /* SetupCoordinator.swift */ = {isa = PBXFileReference; lastKnownFileType = sourcecode.swift; path = SetupCoordinator.swift; sourceTree = "<group>"; };
		854E9BE32802EDED0005546B /* SetupLoadingViewController.swift */ = {isa = PBXFileReference; lastKnownFileType = sourcecode.swift; path = SetupLoadingViewController.swift; sourceTree = "<group>"; };
		854E9BE52802EDFE0005546B /* SetupLoadingViewController .swift */ = {isa = PBXFileReference; lastKnownFileType = sourcecode.swift; path = "SetupLoadingViewController .swift"; sourceTree = "<group>"; };
		854E9BE62802EDFE0005546B /* SetupLoadingViewController.xib */ = {isa = PBXFileReference; lastKnownFileType = file.xib; path = SetupLoadingViewController.xib; sourceTree = "<group>"; };
		854E9BE92802EECB0005546B /* SetupStage.swift */ = {isa = PBXFileReference; lastKnownFileType = sourcecode.swift; path = SetupStage.swift; sourceTree = "<group>"; };
		854E9BED2802F20F0005546B /* ConfigurationViewController.swift */ = {isa = PBXFileReference; lastKnownFileType = sourcecode.swift; path = ConfigurationViewController.swift; sourceTree = "<group>"; };
		854E9BEE2802F20F0005546B /* ConfigurationViewController.xib */ = {isa = PBXFileReference; lastKnownFileType = file.xib; path = ConfigurationViewController.xib; sourceTree = "<group>"; };
		854E9BF12802F2200005546B /* ConfigurationPresenter.swift */ = {isa = PBXFileReference; lastKnownFileType = sourcecode.swift; path = ConfigurationPresenter.swift; sourceTree = "<group>"; };
		854E9BF5280359640005546B /* DispatchQueue+Extension.swift */ = {isa = PBXFileReference; lastKnownFileType = sourcecode.swift; path = "DispatchQueue+Extension.swift"; sourceTree = "<group>"; };
		854E9BFB280361C70005546B /* AuthenticationPresenter.swift */ = {isa = PBXFileReference; lastKnownFileType = sourcecode.swift; path = AuthenticationPresenter.swift; sourceTree = "<group>"; };
		854E9BFD2803621D0005546B /* AuthenticationViewController.swift */ = {isa = PBXFileReference; lastKnownFileType = sourcecode.swift; path = AuthenticationViewController.swift; sourceTree = "<group>"; };
		854E9BFE2803621D0005546B /* AuthenticationViewController.xib */ = {isa = PBXFileReference; lastKnownFileType = file.xib; path = AuthenticationViewController.xib; sourceTree = "<group>"; };
		854E9C01280367EF0005546B /* Presenter+Protocol.swift */ = {isa = PBXFileReference; lastKnownFileType = sourcecode.swift; path = "Presenter+Protocol.swift"; sourceTree = "<group>"; };
		854E9C03280370A90005546B /* UserDefaults.swift */ = {isa = PBXFileReference; lastKnownFileType = sourcecode.swift; path = UserDefaults.swift; sourceTree = "<group>"; };
		854E9C0528040D6F0005546B /* KeychainService.swift */ = {isa = PBXFileReference; lastKnownFileType = sourcecode.swift; path = KeychainService.swift; sourceTree = "<group>"; };
		85826B8C2809D787005BEEF6 /* DummyBackendData.swift */ = {isa = PBXFileReference; lastKnownFileType = sourcecode.swift; path = DummyBackendData.swift; sourceTree = "<group>"; };
		85826B8E2809E04D005BEEF6 /* NetworkService.swift */ = {isa = PBXFileReference; lastKnownFileType = sourcecode.swift; path = NetworkService.swift; sourceTree = "<group>"; };
		85826B90280BF6D5005BEEF6 /* RequestLocationPermissionViewController.swift */ = {isa = PBXFileReference; lastKnownFileType = sourcecode.swift; path = RequestLocationPermissionViewController.swift; sourceTree = "<group>"; };
		85826B91280BF6D5005BEEF6 /* RequestLocationPermissionViewController.xib */ = {isa = PBXFileReference; lastKnownFileType = file.xib; path = RequestLocationPermissionViewController.xib; sourceTree = "<group>"; };
		85826B94280BF7FD005BEEF6 /* LocationService.swift */ = {isa = PBXFileReference; lastKnownFileType = sourcecode.swift; path = LocationService.swift; sourceTree = "<group>"; };
		85826B96280BFBB5005BEEF6 /* RequestLocationPermissionPresenter.swift */ = {isa = PBXFileReference; lastKnownFileType = sourcecode.swift; path = RequestLocationPermissionPresenter.swift; sourceTree = "<group>"; };
		85826B98280D5081005BEEF6 /* CarBackendModel.swift */ = {isa = PBXFileReference; lastKnownFileType = sourcecode.swift; path = CarBackendModel.swift; sourceTree = "<group>"; };
		85826B9A280D508A005BEEF6 /* UserBackendModel.swift */ = {isa = PBXFileReference; lastKnownFileType = sourcecode.swift; path = UserBackendModel.swift; sourceTree = "<group>"; };
		8582BE49280E9F6C005BC299 /* RoundedCorner.swift */ = {isa = PBXFileReference; lastKnownFileType = sourcecode.swift; path = RoundedCorner.swift; sourceTree = "<group>"; };
		8582BE4B280EA16D005BC299 /* LabelTextFieldView.swift */ = {isa = PBXFileReference; lastKnownFileType = sourcecode.swift; path = LabelTextFieldView.swift; sourceTree = "<group>"; };
		8582BE4D280EA1DE005BC299 /* NibLoadingView.swift */ = {isa = PBXFileReference; lastKnownFileType = sourcecode.swift; path = NibLoadingView.swift; sourceTree = "<group>"; };
		8582BE4F280EA257005BC299 /* LabelTextFieldView.xib */ = {isa = PBXFileReference; lastKnownFileType = file.xib; path = LabelTextFieldView.xib; sourceTree = "<group>"; };
		858976692813DF5C001E264C /* SetupStageService.swift */ = {isa = PBXFileReference; lastKnownFileType = sourcecode.swift; path = SetupStageService.swift; sourceTree = "<group>"; };
		8589766B28153B87001E264C /* SwipeButton.swift */ = {isa = PBXFileReference; lastKnownFileType = sourcecode.swift; path = SwipeButton.swift; sourceTree = "<group>"; };
		8589766D28153BD4001E264C /* SwipeButton.xib */ = {isa = PBXFileReference; lastKnownFileType = file.xib; path = SwipeButton.xib; sourceTree = "<group>"; };
		85A13CAE2840D53300ECF271 /* StepStatusView.xib */ = {isa = PBXFileReference; lastKnownFileType = file.xib; path = StepStatusView.xib; sourceTree = "<group>"; };
		85B1B679284241E400B63038 /* CarStepStatus.swift */ = {isa = PBXFileReference; lastKnownFileType = sourcecode.swift; path = CarStepStatus.swift; sourceTree = "<group>"; };
		85B1B67B2842AF9700B63038 /* UIView+Extension.swift */ = {isa = PBXFileReference; lastKnownFileType = sourcecode.swift; path = "UIView+Extension.swift"; sourceTree = "<group>"; };
		85C9730B2810282200D855D4 /* Color.xcassets */ = {isa = PBXFileReference; lastKnownFileType = folder.assetcatalog; path = Color.xcassets; sourceTree = "<group>"; };
		85C9730C2810282200D855D4 /* Color.swift */ = {isa = PBXFileReference; fileEncoding = 4; lastKnownFileType = sourcecode.swift; path = Color.swift; sourceTree = "<group>"; };
		85C973332810282200D855D4 /* Font.swift */ = {isa = PBXFileReference; fileEncoding = 4; lastKnownFileType = sourcecode.swift; path = Font.swift; sourceTree = "<group>"; };
		85C9736628102AD500D855D4 /* GlobalAppearance.swift */ = {isa = PBXFileReference; lastKnownFileType = sourcecode.swift; path = GlobalAppearance.swift; sourceTree = "<group>"; };
		85C973682810343800D855D4 /* ButtonStyle.swift */ = {isa = PBXFileReference; lastKnownFileType = sourcecode.swift; path = ButtonStyle.swift; sourceTree = "<group>"; };
		85D190EF28229CF4004D1506 /* SignatureHelper.swift */ = {isa = PBXFileReference; lastKnownFileType = sourcecode.swift; path = SignatureHelper.swift; sourceTree = "<group>"; };
		85D6771227F87614004500D9 /* Trittstufe.app */ = {isa = PBXFileReference; explicitFileType = wrapper.application; includeInIndex = 0; path = Trittstufe.app; sourceTree = BUILT_PRODUCTS_DIR; };
		85D6771527F87614004500D9 /* AppDelegate.swift */ = {isa = PBXFileReference; lastKnownFileType = sourcecode.swift; path = AppDelegate.swift; sourceTree = "<group>"; };
		85D6771727F87614004500D9 /* SceneDelegate.swift */ = {isa = PBXFileReference; lastKnownFileType = sourcecode.swift; path = SceneDelegate.swift; sourceTree = "<group>"; };
		85D6771F27F87614004500D9 /* Trittstufe.xcdatamodel */ = {isa = PBXFileReference; lastKnownFileType = wrapper.xcdatamodel; path = Trittstufe.xcdatamodel; sourceTree = "<group>"; };
		85D6772127F87615004500D9 /* Assets.xcassets */ = {isa = PBXFileReference; lastKnownFileType = folder.assetcatalog; path = Assets.xcassets; sourceTree = "<group>"; };
		85D6772627F87615004500D9 /* Info.plist */ = {isa = PBXFileReference; lastKnownFileType = text.plist.xml; path = Info.plist; sourceTree = "<group>"; };
		85D6772B27F87616004500D9 /* TrittstufeTests.xctest */ = {isa = PBXFileReference; explicitFileType = wrapper.cfbundle; includeInIndex = 0; path = TrittstufeTests.xctest; sourceTree = BUILT_PRODUCTS_DIR; };
		85D6772F27F87616004500D9 /* TrittstufeTests.swift */ = {isa = PBXFileReference; lastKnownFileType = sourcecode.swift; path = TrittstufeTests.swift; sourceTree = "<group>"; };
		85D6773527F87616004500D9 /* TrittstufeUITests.xctest */ = {isa = PBXFileReference; explicitFileType = wrapper.cfbundle; includeInIndex = 0; path = TrittstufeUITests.xctest; sourceTree = BUILT_PRODUCTS_DIR; };
		85D6773927F87616004500D9 /* TrittstufeUITests.swift */ = {isa = PBXFileReference; lastKnownFileType = sourcecode.swift; path = TrittstufeUITests.swift; sourceTree = "<group>"; };
		85D6773B27F87616004500D9 /* TrittstufeUITestsLaunchTests.swift */ = {isa = PBXFileReference; lastKnownFileType = sourcecode.swift; path = TrittstufeUITestsLaunchTests.swift; sourceTree = "<group>"; };
		85D6774F27F876C2004500D9 /* AppCoordinator.swift */ = {isa = PBXFileReference; lastKnownFileType = sourcecode.swift; path = AppCoordinator.swift; sourceTree = "<group>"; };
		85D6775127F87758004500D9 /* HomeCoordinator.swift */ = {isa = PBXFileReference; lastKnownFileType = sourcecode.swift; path = HomeCoordinator.swift; sourceTree = "<group>"; };
		85D6775327F877A3004500D9 /* Coordinator+Protocol.swift */ = {isa = PBXFileReference; lastKnownFileType = sourcecode.swift; path = "Coordinator+Protocol.swift"; sourceTree = "<group>"; };
		85D6775527F877CD004500D9 /* HomePresenter.swift */ = {isa = PBXFileReference; lastKnownFileType = sourcecode.swift; path = HomePresenter.swift; sourceTree = "<group>"; };
		85D6775927F87840004500D9 /* HomeViewController.swift */ = {isa = PBXFileReference; lastKnownFileType = sourcecode.swift; path = HomeViewController.swift; sourceTree = "<group>"; };
		85D6775A27F87840004500D9 /* HomeViewController.xib */ = {isa = PBXFileReference; lastKnownFileType = file.xib; path = HomeViewController.xib; sourceTree = "<group>"; };
		85D6775D27F87E34004500D9 /* MQTTClientService.swift */ = {isa = PBXFileReference; lastKnownFileType = sourcecode.swift; path = MQTTClientService.swift; sourceTree = "<group>"; };
		85E99BC1283E733A00532EA3 /* CarHeaderView.swift */ = {isa = PBXFileReference; lastKnownFileType = sourcecode.swift; path = CarHeaderView.swift; sourceTree = "<group>"; };
		85E99BC3283E735500532EA3 /* CarHeaderView.xib */ = {isa = PBXFileReference; lastKnownFileType = file.xib; path = CarHeaderView.xib; sourceTree = "<group>"; };
		85E99BC5283E774D00532EA3 /* Inter-ExtraBold.ttf */ = {isa = PBXFileReference; lastKnownFileType = file; path = "Inter-ExtraBold.ttf"; sourceTree = "<group>"; };
		85E99BC6283E774D00532EA3 /* Inter-Medium.ttf */ = {isa = PBXFileReference; lastKnownFileType = file; path = "Inter-Medium.ttf"; sourceTree = "<group>"; };
		85E99BC7283E774E00532EA3 /* Inter-ExtraLight.ttf */ = {isa = PBXFileReference; lastKnownFileType = file; path = "Inter-ExtraLight.ttf"; sourceTree = "<group>"; };
		85E99BC8283E774E00532EA3 /* Inter-Light.ttf */ = {isa = PBXFileReference; lastKnownFileType = file; path = "Inter-Light.ttf"; sourceTree = "<group>"; };
		85E99BC9283E774E00532EA3 /* Inter-Bold.ttf */ = {isa = PBXFileReference; lastKnownFileType = file; path = "Inter-Bold.ttf"; sourceTree = "<group>"; };
		85E99BCA283E774E00532EA3 /* Inter-Regular.ttf */ = {isa = PBXFileReference; lastKnownFileType = file; path = "Inter-Regular.ttf"; sourceTree = "<group>"; };
		85E99BCB283E774E00532EA3 /* Inter-Thin.ttf */ = {isa = PBXFileReference; lastKnownFileType = file; path = "Inter-Thin.ttf"; sourceTree = "<group>"; };
		85E99BCC283E774E00532EA3 /* Inter-SemiBold.ttf */ = {isa = PBXFileReference; lastKnownFileType = file; path = "Inter-SemiBold.ttf"; sourceTree = "<group>"; };
		85E99BCD283E774E00532EA3 /* Inter-Black.ttf */ = {isa = PBXFileReference; lastKnownFileType = file; path = "Inter-Black.ttf"; sourceTree = "<group>"; };
		85E99BD7283F83F600532EA3 /* InformationView.xib */ = {isa = PBXFileReference; lastKnownFileType = file.xib; path = InformationView.xib; sourceTree = "<group>"; };
		85E99BD9283F840000532EA3 /* InformationView.swift */ = {isa = PBXFileReference; lastKnownFileType = sourcecode.swift; path = InformationView.swift; sourceTree = "<group>"; };
		85E99BDB283F8FDC00532EA3 /* DistanceView.swift */ = {isa = PBXFileReference; lastKnownFileType = sourcecode.swift; path = DistanceView.swift; sourceTree = "<group>"; };
		85E99BDD283F8FEB00532EA3 /* StepStatusView.swift */ = {isa = PBXFileReference; lastKnownFileType = sourcecode.swift; path = StepStatusView.swift; sourceTree = "<group>"; };
		85E99BDF283F964800532EA3 /* CarIdentification.swift */ = {isa = PBXFileReference; lastKnownFileType = sourcecode.swift; path = CarIdentification.swift; sourceTree = "<group>"; };
		85E99BE1283F97AF00532EA3 /* CarStatus.swift */ = {isa = PBXFileReference; lastKnownFileType = sourcecode.swift; path = CarStatus.swift; sourceTree = "<group>"; };
		85E99BE4283FB42C00532EA3 /* DistanceView.xib */ = {isa = PBXFileReference; lastKnownFileType = file.xib; path = DistanceView.xib; sourceTree = "<group>"; };
		85F459C02806B082003C1C71 /* en */ = {isa = PBXFileReference; lastKnownFileType = file.storyboard; name = en; path = en.lproj/LaunchScreen.storyboard; sourceTree = "<group>"; };
		85F459C12806B082003C1C71 /* en */ = {isa = PBXFileReference; lastKnownFileType = file.storyboard; name = en; path = en.lproj/Main.storyboard; sourceTree = "<group>"; };
		85F459C32806B0DD003C1C71 /* en */ = {isa = PBXFileReference; lastKnownFileType = text.plist.strings; name = en; path = en.lproj/Localizable.strings; sourceTree = "<group>"; };
		85F459C52806B0F4003C1C71 /* de */ = {isa = PBXFileReference; lastKnownFileType = text.plist.strings; name = de; path = de.lproj/Localizable.strings; sourceTree = "<group>"; };
		85F459C62806B122003C1C71 /* QRCodeScannerViewController.xib */ = {isa = PBXFileReference; fileEncoding = 4; lastKnownFileType = file.xib; path = QRCodeScannerViewController.xib; sourceTree = "<group>"; };
		85F459C72806B122003C1C71 /* QRCodeScannerViewController.swift */ = {isa = PBXFileReference; fileEncoding = 4; lastKnownFileType = sourcecode.swift; path = QRCodeScannerViewController.swift; sourceTree = "<group>"; };
		97EBD7A9A2F15F7213BB2CEF /* Pods-Trittstufe-TrittstufeUITests.release.xcconfig */ = {isa = PBXFileReference; includeInIndex = 1; lastKnownFileType = text.xcconfig; name = "Pods-Trittstufe-TrittstufeUITests.release.xcconfig"; path = "Target Support Files/Pods-Trittstufe-TrittstufeUITests/Pods-Trittstufe-TrittstufeUITests.release.xcconfig"; sourceTree = "<group>"; };
		9A8B6589B068F220BFB46D28 /* Pods_TrittstufeTests.framework */ = {isa = PBXFileReference; explicitFileType = wrapper.framework; includeInIndex = 0; path = Pods_TrittstufeTests.framework; sourceTree = BUILT_PRODUCTS_DIR; };
		A766F4AA522C43733F6D6C56 /* Pods-Trittstufe.debug.xcconfig */ = {isa = PBXFileReference; includeInIndex = 1; lastKnownFileType = text.xcconfig; name = "Pods-Trittstufe.debug.xcconfig"; path = "Target Support Files/Pods-Trittstufe/Pods-Trittstufe.debug.xcconfig"; sourceTree = "<group>"; };
		B11A6AF867BE3C64EDD0E366 /* Pods-Trittstufe-TrittstufeUITests.debug.xcconfig */ = {isa = PBXFileReference; includeInIndex = 1; lastKnownFileType = text.xcconfig; name = "Pods-Trittstufe-TrittstufeUITests.debug.xcconfig"; path = "Target Support Files/Pods-Trittstufe-TrittstufeUITests/Pods-Trittstufe-TrittstufeUITests.debug.xcconfig"; sourceTree = "<group>"; };
		D4A3DA7A280F8DB2B985F4A5 /* Pods-Trittstufe.release.xcconfig */ = {isa = PBXFileReference; includeInIndex = 1; lastKnownFileType = text.xcconfig; name = "Pods-Trittstufe.release.xcconfig"; path = "Target Support Files/Pods-Trittstufe/Pods-Trittstufe.release.xcconfig"; sourceTree = "<group>"; };
/* End PBXFileReference section */

/* Begin PBXFrameworksBuildPhase section */
		85D6770F27F87614004500D9 /* Frameworks */ = {
			isa = PBXFrameworksBuildPhase;
			buildActionMask = 2147483647;
			files = (
				959A07A7831CF689BAA5C497 /* Pods_Trittstufe.framework in Frameworks */,
			);
			runOnlyForDeploymentPostprocessing = 0;
		};
		85D6772827F87616004500D9 /* Frameworks */ = {
			isa = PBXFrameworksBuildPhase;
			buildActionMask = 2147483647;
			files = (
				6A4F4E59DF2C9A001B6076CA /* Pods_TrittstufeTests.framework in Frameworks */,
			);
			runOnlyForDeploymentPostprocessing = 0;
		};
		85D6773227F87616004500D9 /* Frameworks */ = {
			isa = PBXFrameworksBuildPhase;
			buildActionMask = 2147483647;
			files = (
				8387DC4BB5212A6E7158F7DF /* Pods_Trittstufe_TrittstufeUITests.framework in Frameworks */,
			);
			runOnlyForDeploymentPostprocessing = 0;
		};
/* End PBXFrameworksBuildPhase section */

/* Begin PBXGroup section */
		06F3F9B4623D2F94D2A09F97 /* Pods */ = {
			isa = PBXGroup;
			children = (
				A766F4AA522C43733F6D6C56 /* Pods-Trittstufe.debug.xcconfig */,
				D4A3DA7A280F8DB2B985F4A5 /* Pods-Trittstufe.release.xcconfig */,
				B11A6AF867BE3C64EDD0E366 /* Pods-Trittstufe-TrittstufeUITests.debug.xcconfig */,
				97EBD7A9A2F15F7213BB2CEF /* Pods-Trittstufe-TrittstufeUITests.release.xcconfig */,
				3FE963B7E3D2F294F75DDC25 /* Pods-TrittstufeTests.debug.xcconfig */,
				62E1BD9DA078029E8172C317 /* Pods-TrittstufeTests.release.xcconfig */,
			);
			path = Pods;
			sourceTree = "<group>";
		};
		7E1043C670FBB8EEAB0671C7 /* Frameworks */ = {
			isa = PBXGroup;
			children = (
				37AC2BB143BB9218AB40ECE9 /* Pods_Trittstufe.framework */,
				0091062914BEE10808895AC2 /* Pods_Trittstufe_TrittstufeUITests.framework */,
				9A8B6589B068F220BFB46D28 /* Pods_TrittstufeTests.framework */,
			);
			name = Frameworks;
			sourceTree = "<group>";
		};
		854E9BEB2802F1E60005546B /* Setup */ = {
			isa = PBXGroup;
			children = (
				854E9BE52802EDFE0005546B /* SetupLoadingViewController .swift */,
				854E9BE62802EDFE0005546B /* SetupLoadingViewController.xib */,
				854E9BED2802F20F0005546B /* ConfigurationViewController.swift */,
				854E9BEE2802F20F0005546B /* ConfigurationViewController.xib */,
				854E9BFD2803621D0005546B /* AuthenticationViewController.swift */,
				854E9BFE2803621D0005546B /* AuthenticationViewController.xib */,
				85F459C72806B122003C1C71 /* QRCodeScannerViewController.swift */,
				85F459C62806B122003C1C71 /* QRCodeScannerViewController.xib */,
				85826B90280BF6D5005BEEF6 /* RequestLocationPermissionViewController.swift */,
				85826B91280BF6D5005BEEF6 /* RequestLocationPermissionViewController.xib */,
			);
			path = Setup;
			sourceTree = "<group>";
		};
		854E9BEC2802F1F10005546B /* Setup */ = {
			isa = PBXGroup;
			children = (
				854E9BE32802EDED0005546B /* SetupLoadingViewController.swift */,
				854E9BF12802F2200005546B /* ConfigurationPresenter.swift */,
				854E9BFB280361C70005546B /* AuthenticationPresenter.swift */,
				85826B96280BFBB5005BEEF6 /* RequestLocationPermissionPresenter.swift */,
			);
			path = Setup;
			sourceTree = "<group>";
		};
		8582BE48280E9F5D005BC299 /* View */ = {
			isa = PBXGroup;
			children = (
				8582BE4D280EA1DE005BC299 /* NibLoadingView.swift */,
				8582BE49280E9F6C005BC299 /* RoundedCorner.swift */,
				8582BE4B280EA16D005BC299 /* LabelTextFieldView.swift */,
				8582BE4F280EA257005BC299 /* LabelTextFieldView.xib */,
				8589766B28153B87001E264C /* SwipeButton.swift */,
				8589766D28153BD4001E264C /* SwipeButton.xib */,
				85E99BC1283E733A00532EA3 /* CarHeaderView.swift */,
				85E99BC3283E735500532EA3 /* CarHeaderView.xib */,
				85E99BD9283F840000532EA3 /* InformationView.swift */,
				85E99BD7283F83F600532EA3 /* InformationView.xib */,
				85E99BDB283F8FDC00532EA3 /* DistanceView.swift */,
				85E99BE4283FB42C00532EA3 /* DistanceView.xib */,
				85E99BDD283F8FEB00532EA3 /* StepStatusView.swift */,
				85A13CAE2840D53300ECF271 /* StepStatusView.xib */,
			);
			path = View;
			sourceTree = "<group>";
		};
		85C973092810282200D855D4 /* Styling */ = {
			isa = PBXGroup;
			children = (
				85C9736628102AD500D855D4 /* GlobalAppearance.swift */,
				85C9730A2810282200D855D4 /* Color */,
				85C973112810282200D855D4 /* Font */,
				85C973682810343800D855D4 /* ButtonStyle.swift */,
			);
			path = Styling;
			sourceTree = "<group>";
		};
		85C9730A2810282200D855D4 /* Color */ = {
			isa = PBXGroup;
			children = (
				85C9730B2810282200D855D4 /* Color.xcassets */,
				85C9730C2810282200D855D4 /* Color.swift */,
			);
			path = Color;
			sourceTree = "<group>";
		};
		85C973112810282200D855D4 /* Font */ = {
			isa = PBXGroup;
			children = (
				85E99BCD283E774E00532EA3 /* Inter-Black.ttf */,
				85E99BC9283E774E00532EA3 /* Inter-Bold.ttf */,
				85E99BC5283E774D00532EA3 /* Inter-ExtraBold.ttf */,
				85E99BC7283E774E00532EA3 /* Inter-ExtraLight.ttf */,
				85E99BC8283E774E00532EA3 /* Inter-Light.ttf */,
				85E99BC6283E774D00532EA3 /* Inter-Medium.ttf */,
				85E99BCA283E774E00532EA3 /* Inter-Regular.ttf */,
				85E99BCC283E774E00532EA3 /* Inter-SemiBold.ttf */,
				85E99BCB283E774E00532EA3 /* Inter-Thin.ttf */,
				85C973332810282200D855D4 /* Font.swift */,
			);
			path = Font;
			sourceTree = "<group>";
		};
		85D6770927F87614004500D9 = {
			isa = PBXGroup;
			children = (
				85D6771427F87614004500D9 /* Trittstufe */,
				85D6772E27F87616004500D9 /* TrittstufeTests */,
				85D6773827F87616004500D9 /* TrittstufeUITests */,
				85D6771327F87614004500D9 /* Products */,
				06F3F9B4623D2F94D2A09F97 /* Pods */,
				7E1043C670FBB8EEAB0671C7 /* Frameworks */,
			);
			sourceTree = "<group>";
		};
		85D6771327F87614004500D9 /* Products */ = {
			isa = PBXGroup;
			children = (
				85D6771227F87614004500D9 /* Trittstufe.app */,
				85D6772B27F87616004500D9 /* TrittstufeTests.xctest */,
				85D6773527F87616004500D9 /* TrittstufeUITests.xctest */,
			);
			name = Products;
			sourceTree = "<group>";
		};
		85D6771427F87614004500D9 /* Trittstufe */ = {
			isa = PBXGroup;
			children = (
				85C973092810282200D855D4 /* Styling */,
				8582BE48280E9F5D005BC299 /* View */,
				85D6774E27F87655004500D9 /* Model */,
				85D6774D27F8764C004500D9 /* Helper */,
				85D6774C27F87646004500D9 /* Extension */,
				85D6774B27F8763F004500D9 /* Service */,
				85D6774A27F8763A004500D9 /* Presenter */,
				85D6774927F87634004500D9 /* ViewController */,
				85D6774827F8762B004500D9 /* Coordinator */,
				85D6771527F87614004500D9 /* AppDelegate.swift */,
				85D6771727F87614004500D9 /* SceneDelegate.swift */,
				85D6771B27F87614004500D9 /* Main.storyboard */,
				85D6772127F87615004500D9 /* Assets.xcassets */,
				85D6772327F87615004500D9 /* LaunchScreen.storyboard */,
				85D6772627F87615004500D9 /* Info.plist */,
				85D6771E27F87614004500D9 /* Trittstufe.xcdatamodeld */,
				85F459C42806B0DD003C1C71 /* Localizable.strings */,
			);
			path = Trittstufe;
			sourceTree = "<group>";
		};
		85D6772E27F87616004500D9 /* TrittstufeTests */ = {
			isa = PBXGroup;
			children = (
				85D6772F27F87616004500D9 /* TrittstufeTests.swift */,
			);
			path = TrittstufeTests;
			sourceTree = "<group>";
		};
		85D6773827F87616004500D9 /* TrittstufeUITests */ = {
			isa = PBXGroup;
			children = (
				85D6773927F87616004500D9 /* TrittstufeUITests.swift */,
				85D6773B27F87616004500D9 /* TrittstufeUITestsLaunchTests.swift */,
			);
			path = TrittstufeUITests;
			sourceTree = "<group>";
		};
		85D6774827F8762B004500D9 /* Coordinator */ = {
			isa = PBXGroup;
			children = (
				85D6774F27F876C2004500D9 /* AppCoordinator.swift */,
				85D6775127F87758004500D9 /* HomeCoordinator.swift */,
				85D6775327F877A3004500D9 /* Coordinator+Protocol.swift */,
				854E9BE12802E9C70005546B /* SetupCoordinator.swift */,
			);
			path = Coordinator;
			sourceTree = "<group>";
		};
		85D6774927F87634004500D9 /* ViewController */ = {
			isa = PBXGroup;
			children = (
				854E9BEB2802F1E60005546B /* Setup */,
				85D6775927F87840004500D9 /* HomeViewController.swift */,
				85D6775A27F87840004500D9 /* HomeViewController.xib */,
			);
			path = ViewController;
			sourceTree = "<group>";
		};
		85D6774A27F8763A004500D9 /* Presenter */ = {
			isa = PBXGroup;
			children = (
				854E9BEC2802F1F10005546B /* Setup */,
				85D6775527F877CD004500D9 /* HomePresenter.swift */,
				854E9C01280367EF0005546B /* Presenter+Protocol.swift */,
			);
			path = Presenter;
			sourceTree = "<group>";
		};
		85D6774B27F8763F004500D9 /* Service */ = {
			isa = PBXGroup;
			children = (
				85D6775D27F87E34004500D9 /* MQTTClientService.swift */,
				854E9C0528040D6F0005546B /* KeychainService.swift */,
				85242A6A2806DCE6004FC32C /* AuthenticationService.swift */,
				85826B8E2809E04D005BEEF6 /* NetworkService.swift */,
				85826B94280BF7FD005BEEF6 /* LocationService.swift */,
				858976692813DF5C001E264C /* SetupStageService.swift */,
				852891312843C24C0074BC64 /* StepEngineControlService.swift */,
			);
			path = Service;
			sourceTree = "<group>";
		};
		85D6774C27F87646004500D9 /* Extension */ = {
			isa = PBXGroup;
			children = (
				854E9BF5280359640005546B /* DispatchQueue+Extension.swift */,
				85B1B67B2842AF9700B63038 /* UIView+Extension.swift */,
			);
			path = Extension;
			sourceTree = "<group>";
		};
		85D6774D27F8764C004500D9 /* Helper */ = {
			isa = PBXGroup;
			children = (
				854E9C03280370A90005546B /* UserDefaults.swift */,
				85D190EF28229CF4004D1506 /* SignatureHelper.swift */,
				8504048F2827A452009DB876 /* CryptoHelper.swift */,
			);
			path = Helper;
			sourceTree = "<group>";
		};
		85D6774E27F87655004500D9 /* Model */ = {
			isa = PBXGroup;
			children = (
				85E99BE3283F97CE00532EA3 /* DummyBackend */,
				854E9BE92802EECB0005546B /* SetupStage.swift */,
				85242A6C28084BE9004FC32C /* ClientConfiguration.swift */,
				85E99BDF283F964800532EA3 /* CarIdentification.swift */,
				85E99BE1283F97AF00532EA3 /* CarStatus.swift */,
				85B1B679284241E400B63038 /* CarStepStatus.swift */,
			);
			path = Model;
			sourceTree = "<group>";
		};
		85E99BE3283F97CE00532EA3 /* DummyBackend */ = {
			isa = PBXGroup;
			children = (
				85826B98280D5081005BEEF6 /* CarBackendModel.swift */,
				85826B9A280D508A005BEEF6 /* UserBackendModel.swift */,
				85826B8C2809D787005BEEF6 /* DummyBackendData.swift */,
			);
			path = DummyBackend;
			sourceTree = "<group>";
		};
/* End PBXGroup section */

/* Begin PBXNativeTarget section */
		85D6771127F87614004500D9 /* Trittstufe */ = {
			isa = PBXNativeTarget;
			buildConfigurationList = 85D6773F27F87616004500D9 /* Build configuration list for PBXNativeTarget "Trittstufe" */;
			buildPhases = (
				90A09C6EDA8A20D69394AB2F /* [CP] Check Pods Manifest.lock */,
				85D6770E27F87614004500D9 /* Sources */,
				85D6770F27F87614004500D9 /* Frameworks */,
				85D6771027F87614004500D9 /* Resources */,
				E3A8EDCE26527079172EEA30 /* [CP] Embed Pods Frameworks */,
			);
			buildRules = (
			);
			dependencies = (
			);
			name = Trittstufe;
			productName = Trittstufe;
			productReference = 85D6771227F87614004500D9 /* Trittstufe.app */;
			productType = "com.apple.product-type.application";
		};
		85D6772A27F87616004500D9 /* TrittstufeTests */ = {
			isa = PBXNativeTarget;
			buildConfigurationList = 85D6774227F87616004500D9 /* Build configuration list for PBXNativeTarget "TrittstufeTests" */;
			buildPhases = (
				E1AF05A519BA0848256D2C61 /* [CP] Check Pods Manifest.lock */,
				85D6772727F87616004500D9 /* Sources */,
				85D6772827F87616004500D9 /* Frameworks */,
				85D6772927F87616004500D9 /* Resources */,
			);
			buildRules = (
			);
			dependencies = (
				85D6772D27F87616004500D9 /* PBXTargetDependency */,
			);
			name = TrittstufeTests;
			productName = TrittstufeTests;
			productReference = 85D6772B27F87616004500D9 /* TrittstufeTests.xctest */;
			productType = "com.apple.product-type.bundle.unit-test";
		};
		85D6773427F87616004500D9 /* TrittstufeUITests */ = {
			isa = PBXNativeTarget;
			buildConfigurationList = 85D6774527F87616004500D9 /* Build configuration list for PBXNativeTarget "TrittstufeUITests" */;
			buildPhases = (
				D67978EA1D600587ADB5707F /* [CP] Check Pods Manifest.lock */,
				85D6773127F87616004500D9 /* Sources */,
				85D6773227F87616004500D9 /* Frameworks */,
				85D6773327F87616004500D9 /* Resources */,
				2EA8FFCE1F1DBACB7C219D28 /* [CP] Embed Pods Frameworks */,
			);
			buildRules = (
			);
			dependencies = (
				85D6773727F87616004500D9 /* PBXTargetDependency */,
			);
			name = TrittstufeUITests;
			productName = TrittstufeUITests;
			productReference = 85D6773527F87616004500D9 /* TrittstufeUITests.xctest */;
			productType = "com.apple.product-type.bundle.ui-testing";
		};
/* End PBXNativeTarget section */

/* Begin PBXProject section */
		85D6770A27F87614004500D9 /* Project object */ = {
			isa = PBXProject;
			attributes = {
				BuildIndependentTargetsInParallel = 1;
				LastSwiftUpdateCheck = 1320;
				LastUpgradeCheck = 1320;
				TargetAttributes = {
					85D6771127F87614004500D9 = {
						CreatedOnToolsVersion = 13.2.1;
					};
					85D6772A27F87616004500D9 = {
						CreatedOnToolsVersion = 13.2.1;
						TestTargetID = 85D6771127F87614004500D9;
					};
					85D6773427F87616004500D9 = {
						CreatedOnToolsVersion = 13.2.1;
						TestTargetID = 85D6771127F87614004500D9;
					};
				};
			};
			buildConfigurationList = 85D6770D27F87614004500D9 /* Build configuration list for PBXProject "Trittstufe" */;
			compatibilityVersion = "Xcode 13.0";
			developmentRegion = en;
			hasScannedForEncodings = 0;
			knownRegions = (
				en,
				de,
			);
			mainGroup = 85D6770927F87614004500D9;
			productRefGroup = 85D6771327F87614004500D9 /* Products */;
			projectDirPath = "";
			projectRoot = "";
			targets = (
				85D6771127F87614004500D9 /* Trittstufe */,
				85D6772A27F87616004500D9 /* TrittstufeTests */,
				85D6773427F87616004500D9 /* TrittstufeUITests */,
			);
		};
/* End PBXProject section */

/* Begin PBXResourcesBuildPhase section */
		85D6771027F87614004500D9 /* Resources */ = {
			isa = PBXResourcesBuildPhase;
			buildActionMask = 2147483647;
			files = (
				85A13CAF2840D53300ECF271 /* StepStatusView.xib in Resources */,
				8582BE50280EA257005BC299 /* LabelTextFieldView.xib in Resources */,
				85F459C82806B122003C1C71 /* QRCodeScannerViewController.xib in Resources */,
				85E99BD2283E774E00532EA3 /* Inter-Bold.ttf in Resources */,
				85E99BCF283E774E00532EA3 /* Inter-Medium.ttf in Resources */,
				85E99BD1283E774E00532EA3 /* Inter-Light.ttf in Resources */,
				85D6772527F87615004500D9 /* LaunchScreen.storyboard in Resources */,
				854E9BF02802F20F0005546B /* ConfigurationViewController.xib in Resources */,
				85E99BE5283FB42C00532EA3 /* DistanceView.xib in Resources */,
				854E9BE82802EDFE0005546B /* SetupLoadingViewController.xib in Resources */,
				8589766E28153BD4001E264C /* SwipeButton.xib in Resources */,
				85C9733A2810282200D855D4 /* Color.xcassets in Resources */,
				85E99BD3283E774E00532EA3 /* Inter-Regular.ttf in Resources */,
				85D6772227F87615004500D9 /* Assets.xcassets in Resources */,
				85E99BCE283E774E00532EA3 /* Inter-ExtraBold.ttf in Resources */,
				85E99BD5283E774E00532EA3 /* Inter-SemiBold.ttf in Resources */,
				85D6771D27F87614004500D9 /* Main.storyboard in Resources */,
				85826B93280BF6D5005BEEF6 /* RequestLocationPermissionViewController.xib in Resources */,
				85F459C22806B0DD003C1C71 /* Localizable.strings in Resources */,
				854E9C002803621D0005546B /* AuthenticationViewController.xib in Resources */,
				85E99BC4283E735500532EA3 /* CarHeaderView.xib in Resources */,
				85E99BD6283E774E00532EA3 /* Inter-Black.ttf in Resources */,
				85E99BD0283E774E00532EA3 /* Inter-ExtraLight.ttf in Resources */,
				85E99BD8283F83F600532EA3 /* InformationView.xib in Resources */,
				85D6775C27F87840004500D9 /* HomeViewController.xib in Resources */,
				85E99BD4283E774E00532EA3 /* Inter-Thin.ttf in Resources */,
			);
			runOnlyForDeploymentPostprocessing = 0;
		};
		85D6772927F87616004500D9 /* Resources */ = {
			isa = PBXResourcesBuildPhase;
			buildActionMask = 2147483647;
			files = (
			);
			runOnlyForDeploymentPostprocessing = 0;
		};
		85D6773327F87616004500D9 /* Resources */ = {
			isa = PBXResourcesBuildPhase;
			buildActionMask = 2147483647;
			files = (
			);
			runOnlyForDeploymentPostprocessing = 0;
		};
/* End PBXResourcesBuildPhase section */

/* Begin PBXShellScriptBuildPhase section */
		2EA8FFCE1F1DBACB7C219D28 /* [CP] Embed Pods Frameworks */ = {
			isa = PBXShellScriptBuildPhase;
			buildActionMask = 2147483647;
			files = (
			);
			inputFileListPaths = (
				"${PODS_ROOT}/Target Support Files/Pods-Trittstufe-TrittstufeUITests/Pods-Trittstufe-TrittstufeUITests-frameworks-${CONFIGURATION}-input-files.xcfilelist",
			);
			name = "[CP] Embed Pods Frameworks";
			outputFileListPaths = (
				"${PODS_ROOT}/Target Support Files/Pods-Trittstufe-TrittstufeUITests/Pods-Trittstufe-TrittstufeUITests-frameworks-${CONFIGURATION}-output-files.xcfilelist",
			);
			runOnlyForDeploymentPostprocessing = 0;
			shellPath = /bin/sh;
			shellScript = "\"${PODS_ROOT}/Target Support Files/Pods-Trittstufe-TrittstufeUITests/Pods-Trittstufe-TrittstufeUITests-frameworks.sh\"\n";
			showEnvVarsInLog = 0;
		};
		90A09C6EDA8A20D69394AB2F /* [CP] Check Pods Manifest.lock */ = {
			isa = PBXShellScriptBuildPhase;
			buildActionMask = 2147483647;
			files = (
			);
			inputFileListPaths = (
			);
			inputPaths = (
				"${PODS_PODFILE_DIR_PATH}/Podfile.lock",
				"${PODS_ROOT}/Manifest.lock",
			);
			name = "[CP] Check Pods Manifest.lock";
			outputFileListPaths = (
			);
			outputPaths = (
				"$(DERIVED_FILE_DIR)/Pods-Trittstufe-checkManifestLockResult.txt",
			);
			runOnlyForDeploymentPostprocessing = 0;
			shellPath = /bin/sh;
			shellScript = "diff \"${PODS_PODFILE_DIR_PATH}/Podfile.lock\" \"${PODS_ROOT}/Manifest.lock\" > /dev/null\nif [ $? != 0 ] ; then\n    # print error to STDERR\n    echo \"error: The sandbox is not in sync with the Podfile.lock. Run 'pod install' or update your CocoaPods installation.\" >&2\n    exit 1\nfi\n# This output is used by Xcode 'outputs' to avoid re-running this script phase.\necho \"SUCCESS\" > \"${SCRIPT_OUTPUT_FILE_0}\"\n";
			showEnvVarsInLog = 0;
		};
		D67978EA1D600587ADB5707F /* [CP] Check Pods Manifest.lock */ = {
			isa = PBXShellScriptBuildPhase;
			buildActionMask = 2147483647;
			files = (
			);
			inputFileListPaths = (
			);
			inputPaths = (
				"${PODS_PODFILE_DIR_PATH}/Podfile.lock",
				"${PODS_ROOT}/Manifest.lock",
			);
			name = "[CP] Check Pods Manifest.lock";
			outputFileListPaths = (
			);
			outputPaths = (
				"$(DERIVED_FILE_DIR)/Pods-Trittstufe-TrittstufeUITests-checkManifestLockResult.txt",
			);
			runOnlyForDeploymentPostprocessing = 0;
			shellPath = /bin/sh;
			shellScript = "diff \"${PODS_PODFILE_DIR_PATH}/Podfile.lock\" \"${PODS_ROOT}/Manifest.lock\" > /dev/null\nif [ $? != 0 ] ; then\n    # print error to STDERR\n    echo \"error: The sandbox is not in sync with the Podfile.lock. Run 'pod install' or update your CocoaPods installation.\" >&2\n    exit 1\nfi\n# This output is used by Xcode 'outputs' to avoid re-running this script phase.\necho \"SUCCESS\" > \"${SCRIPT_OUTPUT_FILE_0}\"\n";
			showEnvVarsInLog = 0;
		};
		E1AF05A519BA0848256D2C61 /* [CP] Check Pods Manifest.lock */ = {
			isa = PBXShellScriptBuildPhase;
			buildActionMask = 2147483647;
			files = (
			);
			inputFileListPaths = (
			);
			inputPaths = (
				"${PODS_PODFILE_DIR_PATH}/Podfile.lock",
				"${PODS_ROOT}/Manifest.lock",
			);
			name = "[CP] Check Pods Manifest.lock";
			outputFileListPaths = (
			);
			outputPaths = (
				"$(DERIVED_FILE_DIR)/Pods-TrittstufeTests-checkManifestLockResult.txt",
			);
			runOnlyForDeploymentPostprocessing = 0;
			shellPath = /bin/sh;
			shellScript = "diff \"${PODS_PODFILE_DIR_PATH}/Podfile.lock\" \"${PODS_ROOT}/Manifest.lock\" > /dev/null\nif [ $? != 0 ] ; then\n    # print error to STDERR\n    echo \"error: The sandbox is not in sync with the Podfile.lock. Run 'pod install' or update your CocoaPods installation.\" >&2\n    exit 1\nfi\n# This output is used by Xcode 'outputs' to avoid re-running this script phase.\necho \"SUCCESS\" > \"${SCRIPT_OUTPUT_FILE_0}\"\n";
			showEnvVarsInLog = 0;
		};
		E3A8EDCE26527079172EEA30 /* [CP] Embed Pods Frameworks */ = {
			isa = PBXShellScriptBuildPhase;
			buildActionMask = 2147483647;
			files = (
			);
			inputFileListPaths = (
				"${PODS_ROOT}/Target Support Files/Pods-Trittstufe/Pods-Trittstufe-frameworks-${CONFIGURATION}-input-files.xcfilelist",
			);
			name = "[CP] Embed Pods Frameworks";
			outputFileListPaths = (
				"${PODS_ROOT}/Target Support Files/Pods-Trittstufe/Pods-Trittstufe-frameworks-${CONFIGURATION}-output-files.xcfilelist",
			);
			runOnlyForDeploymentPostprocessing = 0;
			shellPath = /bin/sh;
			shellScript = "\"${PODS_ROOT}/Target Support Files/Pods-Trittstufe/Pods-Trittstufe-frameworks.sh\"\n";
			showEnvVarsInLog = 0;
		};
/* End PBXShellScriptBuildPhase section */

/* Begin PBXSourcesBuildPhase section */
		85D6770E27F87614004500D9 /* Sources */ = {
			isa = PBXSourcesBuildPhase;
			buildActionMask = 2147483647;
			files = (
				85D6775627F877CD004500D9 /* HomePresenter.swift in Sources */,
				854E9BF22802F2200005546B /* ConfigurationPresenter.swift in Sources */,
				85E99BE0283F964800532EA3 /* CarIdentification.swift in Sources */,
				8589766A2813DF5C001E264C /* SetupStageService.swift in Sources */,
				85826B99280D5082005BEEF6 /* CarBackendModel.swift in Sources */,
				85D6775427F877A3004500D9 /* Coordinator+Protocol.swift in Sources */,
				85C9735F2810282200D855D4 /* Font.swift in Sources */,
				85C973692810343800D855D4 /* ButtonStyle.swift in Sources */,
				85826B9B280D508A005BEEF6 /* UserBackendModel.swift in Sources */,
				850404902827A452009DB876 /* CryptoHelper.swift in Sources */,
				8589766C28153B87001E264C /* SwipeButton.swift in Sources */,
				854E9BE22802E9C70005546B /* SetupCoordinator.swift in Sources */,
				854E9BFF2803621D0005546B /* AuthenticationViewController.swift in Sources */,
				85D6775027F876C2004500D9 /* AppCoordinator.swift in Sources */,
				8582BE4A280E9F6C005BC299 /* RoundedCorner.swift in Sources */,
				854E9BE72802EDFE0005546B /* SetupLoadingViewController .swift in Sources */,
				85E99BDA283F840000532EA3 /* InformationView.swift in Sources */,
				854E9BE42802EDED0005546B /* SetupLoadingViewController.swift in Sources */,
				85E99BC2283E733A00532EA3 /* CarHeaderView.swift in Sources */,
				85D6775B27F87840004500D9 /* HomeViewController.swift in Sources */,
				8582BE4C280EA16D005BC299 /* LabelTextFieldView.swift in Sources */,
				85D6772027F87614004500D9 /* Trittstufe.xcdatamodeld in Sources */,
				854E9BF6280359640005546B /* DispatchQueue+Extension.swift in Sources */,
				852891322843C24C0074BC64 /* StepEngineControlService.swift in Sources */,
				85826B92280BF6D5005BEEF6 /* RequestLocationPermissionViewController.swift in Sources */,
				854E9C0628040D6F0005546B /* KeychainService.swift in Sources */,
				85D6775E27F87E34004500D9 /* MQTTClientService.swift in Sources */,
				85826B95280BF7FD005BEEF6 /* LocationService.swift in Sources */,
				85242A6D28084BE9004FC32C /* ClientConfiguration.swift in Sources */,
				854E9C02280367EF0005546B /* Presenter+Protocol.swift in Sources */,
				85D6775227F87758004500D9 /* HomeCoordinator.swift in Sources */,
				85E99BE2283F97AF00532EA3 /* CarStatus.swift in Sources */,
				85F459C92806B122003C1C71 /* QRCodeScannerViewController.swift in Sources */,
				85C9733B2810282200D855D4 /* Color.swift in Sources */,
				85826B8D2809D787005BEEF6 /* DummyBackendData.swift in Sources */,
				8582BE4E280EA1DE005BC299 /* NibLoadingView.swift in Sources */,
				854E9BFC280361C70005546B /* AuthenticationPresenter.swift in Sources */,
				85B1B67A284241E400B63038 /* CarStepStatus.swift in Sources */,
				85E99BDE283F8FEB00532EA3 /* StepStatusView.swift in Sources */,
				85826B97280BFBB5005BEEF6 /* RequestLocationPermissionPresenter.swift in Sources */,
				85D6771627F87614004500D9 /* AppDelegate.swift in Sources */,
				854E9C04280370A90005546B /* UserDefaults.swift in Sources */,
				85242A6B2806DCE6004FC32C /* AuthenticationService.swift in Sources */,
				85E99BDC283F8FDC00532EA3 /* DistanceView.swift in Sources */,
				854E9BEF2802F20F0005546B /* ConfigurationViewController.swift in Sources */,
				85D6771827F87614004500D9 /* SceneDelegate.swift in Sources */,
				85C9736728102AD500D855D4 /* GlobalAppearance.swift in Sources */,
				85826B8F2809E04D005BEEF6 /* NetworkService.swift in Sources */,
				85D190F028229CF4004D1506 /* SignatureHelper.swift in Sources */,
				85B1B67C2842AF9700B63038 /* UIView+Extension.swift in Sources */,
				854E9BEA2802EECB0005546B /* SetupStage.swift in Sources */,
			);
			runOnlyForDeploymentPostprocessing = 0;
		};
		85D6772727F87616004500D9 /* Sources */ = {
			isa = PBXSourcesBuildPhase;
			buildActionMask = 2147483647;
			files = (
				85D6773027F87616004500D9 /* TrittstufeTests.swift in Sources */,
			);
			runOnlyForDeploymentPostprocessing = 0;
		};
		85D6773127F87616004500D9 /* Sources */ = {
			isa = PBXSourcesBuildPhase;
			buildActionMask = 2147483647;
			files = (
				85D6773C27F87616004500D9 /* TrittstufeUITestsLaunchTests.swift in Sources */,
				85D6773A27F87616004500D9 /* TrittstufeUITests.swift in Sources */,
			);
			runOnlyForDeploymentPostprocessing = 0;
		};
/* End PBXSourcesBuildPhase section */

/* Begin PBXTargetDependency section */
		85D6772D27F87616004500D9 /* PBXTargetDependency */ = {
			isa = PBXTargetDependency;
			target = 85D6771127F87614004500D9 /* Trittstufe */;
			targetProxy = 85D6772C27F87616004500D9 /* PBXContainerItemProxy */;
		};
		85D6773727F87616004500D9 /* PBXTargetDependency */ = {
			isa = PBXTargetDependency;
			target = 85D6771127F87614004500D9 /* Trittstufe */;
			targetProxy = 85D6773627F87616004500D9 /* PBXContainerItemProxy */;
		};
/* End PBXTargetDependency section */

/* Begin PBXVariantGroup section */
		85D6771B27F87614004500D9 /* Main.storyboard */ = {
			isa = PBXVariantGroup;
			children = (
				85F459C12806B082003C1C71 /* en */,
			);
			name = Main.storyboard;
			sourceTree = "<group>";
		};
		85D6772327F87615004500D9 /* LaunchScreen.storyboard */ = {
			isa = PBXVariantGroup;
			children = (
				85F459C02806B082003C1C71 /* en */,
			);
			name = LaunchScreen.storyboard;
			sourceTree = "<group>";
		};
		85F459C42806B0DD003C1C71 /* Localizable.strings */ = {
			isa = PBXVariantGroup;
			children = (
				85F459C32806B0DD003C1C71 /* en */,
				85F459C52806B0F4003C1C71 /* de */,
			);
			name = Localizable.strings;
			sourceTree = "<group>";
		};
/* End PBXVariantGroup section */

/* Begin XCBuildConfiguration section */
		85D6773D27F87616004500D9 /* Debug */ = {
			isa = XCBuildConfiguration;
			buildSettings = {
				ALWAYS_SEARCH_USER_PATHS = NO;
				CLANG_ANALYZER_LOCALIZABILITY_NONLOCALIZED = YES;
				CLANG_ANALYZER_NONNULL = YES;
				CLANG_ANALYZER_NUMBER_OBJECT_CONVERSION = YES_AGGRESSIVE;
				CLANG_CXX_LANGUAGE_STANDARD = "gnu++17";
				CLANG_CXX_LIBRARY = "libc++";
				CLANG_ENABLE_MODULES = YES;
				CLANG_ENABLE_OBJC_ARC = YES;
				CLANG_ENABLE_OBJC_WEAK = YES;
				CLANG_WARN_BLOCK_CAPTURE_AUTORELEASING = YES;
				CLANG_WARN_BOOL_CONVERSION = YES;
				CLANG_WARN_COMMA = YES;
				CLANG_WARN_CONSTANT_CONVERSION = YES;
				CLANG_WARN_DEPRECATED_OBJC_IMPLEMENTATIONS = YES;
				CLANG_WARN_DIRECT_OBJC_ISA_USAGE = YES_ERROR;
				CLANG_WARN_DOCUMENTATION_COMMENTS = YES;
				CLANG_WARN_EMPTY_BODY = YES;
				CLANG_WARN_ENUM_CONVERSION = YES;
				CLANG_WARN_INFINITE_RECURSION = YES;
				CLANG_WARN_INT_CONVERSION = YES;
				CLANG_WARN_NON_LITERAL_NULL_CONVERSION = YES;
				CLANG_WARN_OBJC_IMPLICIT_RETAIN_SELF = YES;
				CLANG_WARN_OBJC_LITERAL_CONVERSION = YES;
				CLANG_WARN_OBJC_ROOT_CLASS = YES_ERROR;
				CLANG_WARN_QUOTED_INCLUDE_IN_FRAMEWORK_HEADER = YES;
				CLANG_WARN_RANGE_LOOP_ANALYSIS = YES;
				CLANG_WARN_STRICT_PROTOTYPES = YES;
				CLANG_WARN_SUSPICIOUS_MOVE = YES;
				CLANG_WARN_UNGUARDED_AVAILABILITY = YES_AGGRESSIVE;
				CLANG_WARN_UNREACHABLE_CODE = YES;
				CLANG_WARN__DUPLICATE_METHOD_MATCH = YES;
				COPY_PHASE_STRIP = NO;
				DEBUG_INFORMATION_FORMAT = dwarf;
				ENABLE_STRICT_OBJC_MSGSEND = YES;
				ENABLE_TESTABILITY = YES;
				GCC_C_LANGUAGE_STANDARD = gnu11;
				GCC_DYNAMIC_NO_PIC = NO;
				GCC_NO_COMMON_BLOCKS = YES;
				GCC_OPTIMIZATION_LEVEL = 0;
				GCC_PREPROCESSOR_DEFINITIONS = (
					"DEBUG=1",
					"$(inherited)",
				);
				GCC_WARN_64_TO_32_BIT_CONVERSION = YES;
				GCC_WARN_ABOUT_RETURN_TYPE = YES_ERROR;
				GCC_WARN_UNDECLARED_SELECTOR = YES;
				GCC_WARN_UNINITIALIZED_AUTOS = YES_AGGRESSIVE;
				GCC_WARN_UNUSED_FUNCTION = YES;
				GCC_WARN_UNUSED_VARIABLE = YES;
				IPHONEOS_DEPLOYMENT_TARGET = 15.2;
				MTL_ENABLE_DEBUG_INFO = INCLUDE_SOURCE;
				MTL_FAST_MATH = YES;
				ONLY_ACTIVE_ARCH = YES;
				SDKROOT = iphoneos;
				SWIFT_ACTIVE_COMPILATION_CONDITIONS = DEBUG;
				SWIFT_OPTIMIZATION_LEVEL = "-Onone";
			};
			name = Debug;
		};
		85D6773E27F87616004500D9 /* Release */ = {
			isa = XCBuildConfiguration;
			buildSettings = {
				ALWAYS_SEARCH_USER_PATHS = NO;
				CLANG_ANALYZER_LOCALIZABILITY_NONLOCALIZED = YES;
				CLANG_ANALYZER_NONNULL = YES;
				CLANG_ANALYZER_NUMBER_OBJECT_CONVERSION = YES_AGGRESSIVE;
				CLANG_CXX_LANGUAGE_STANDARD = "gnu++17";
				CLANG_CXX_LIBRARY = "libc++";
				CLANG_ENABLE_MODULES = YES;
				CLANG_ENABLE_OBJC_ARC = YES;
				CLANG_ENABLE_OBJC_WEAK = YES;
				CLANG_WARN_BLOCK_CAPTURE_AUTORELEASING = YES;
				CLANG_WARN_BOOL_CONVERSION = YES;
				CLANG_WARN_COMMA = YES;
				CLANG_WARN_CONSTANT_CONVERSION = YES;
				CLANG_WARN_DEPRECATED_OBJC_IMPLEMENTATIONS = YES;
				CLANG_WARN_DIRECT_OBJC_ISA_USAGE = YES_ERROR;
				CLANG_WARN_DOCUMENTATION_COMMENTS = YES;
				CLANG_WARN_EMPTY_BODY = YES;
				CLANG_WARN_ENUM_CONVERSION = YES;
				CLANG_WARN_INFINITE_RECURSION = YES;
				CLANG_WARN_INT_CONVERSION = YES;
				CLANG_WARN_NON_LITERAL_NULL_CONVERSION = YES;
				CLANG_WARN_OBJC_IMPLICIT_RETAIN_SELF = YES;
				CLANG_WARN_OBJC_LITERAL_CONVERSION = YES;
				CLANG_WARN_OBJC_ROOT_CLASS = YES_ERROR;
				CLANG_WARN_QUOTED_INCLUDE_IN_FRAMEWORK_HEADER = YES;
				CLANG_WARN_RANGE_LOOP_ANALYSIS = YES;
				CLANG_WARN_STRICT_PROTOTYPES = YES;
				CLANG_WARN_SUSPICIOUS_MOVE = YES;
				CLANG_WARN_UNGUARDED_AVAILABILITY = YES_AGGRESSIVE;
				CLANG_WARN_UNREACHABLE_CODE = YES;
				CLANG_WARN__DUPLICATE_METHOD_MATCH = YES;
				COPY_PHASE_STRIP = NO;
				DEBUG_INFORMATION_FORMAT = "dwarf-with-dsym";
				ENABLE_NS_ASSERTIONS = NO;
				ENABLE_STRICT_OBJC_MSGSEND = YES;
				GCC_C_LANGUAGE_STANDARD = gnu11;
				GCC_NO_COMMON_BLOCKS = YES;
				GCC_WARN_64_TO_32_BIT_CONVERSION = YES;
				GCC_WARN_ABOUT_RETURN_TYPE = YES_ERROR;
				GCC_WARN_UNDECLARED_SELECTOR = YES;
				GCC_WARN_UNINITIALIZED_AUTOS = YES_AGGRESSIVE;
				GCC_WARN_UNUSED_FUNCTION = YES;
				GCC_WARN_UNUSED_VARIABLE = YES;
				IPHONEOS_DEPLOYMENT_TARGET = 15.2;
				MTL_ENABLE_DEBUG_INFO = NO;
				MTL_FAST_MATH = YES;
				SDKROOT = iphoneos;
				SWIFT_COMPILATION_MODE = wholemodule;
				SWIFT_OPTIMIZATION_LEVEL = "-O";
				VALIDATE_PRODUCT = YES;
			};
			name = Release;
		};
		85D6774027F87616004500D9 /* Debug */ = {
			isa = XCBuildConfiguration;
			baseConfigurationReference = A766F4AA522C43733F6D6C56 /* Pods-Trittstufe.debug.xcconfig */;
			buildSettings = {
				ASSETCATALOG_COMPILER_APPICON_NAME = AppIcon;
				ASSETCATALOG_COMPILER_GLOBAL_ACCENT_COLOR_NAME = AccentColor;
				CODE_SIGN_STYLE = Automatic;
				CURRENT_PROJECT_VERSION = 1;
				DEVELOPMENT_TEAM = YP55X74PC3;
				GENERATE_INFOPLIST_FILE = YES;
				INFOPLIST_FILE = Trittstufe/Info.plist;
				INFOPLIST_KEY_NSCameraUsageDescription = "Scan the qr code";
				INFOPLIST_KEY_NSFaceIDUsageDescription = "Identify yourself";
				INFOPLIST_KEY_NSLocationAlwaysAndWhenInUseUsageDescription = "We need this!";
				INFOPLIST_KEY_NSLocationAlwaysUsageDescription = "We need this!";
				INFOPLIST_KEY_NSLocationWhenInUseUsageDescription = "We need this!";
				INFOPLIST_KEY_UIApplicationSupportsIndirectInputEvents = YES;
				INFOPLIST_KEY_UILaunchStoryboardName = LaunchScreen;
				INFOPLIST_KEY_UIMainStoryboardFile = Main;
				INFOPLIST_KEY_UISupportedInterfaceOrientations = UIInterfaceOrientationPortrait;
				INFOPLIST_KEY_UISupportedInterfaceOrientations_iPad = "UIInterfaceOrientationPortrait UIInterfaceOrientationPortraitUpsideDown UIInterfaceOrientationLandscapeLeft UIInterfaceOrientationLandscapeRight";
				INFOPLIST_KEY_UISupportedInterfaceOrientations_iPhone = "UIInterfaceOrientationPortrait UIInterfaceOrientationLandscapeLeft UIInterfaceOrientationLandscapeRight";
				LD_RUNPATH_SEARCH_PATHS = (
					"$(inherited)",
					"@executable_path/Frameworks",
				);
				MARKETING_VERSION = 1.0;
				PRODUCT_BUNDLE_IDENTIFIER = de.niklasschildhauer.Trittstufe;
				PRODUCT_NAME = "$(TARGET_NAME)";
				SWIFT_EMIT_LOC_STRINGS = YES;
				SWIFT_VERSION = 5.0;
				TARGETED_DEVICE_FAMILY = "1,2";
			};
			name = Debug;
		};
		85D6774127F87616004500D9 /* Release */ = {
			isa = XCBuildConfiguration;
			baseConfigurationReference = D4A3DA7A280F8DB2B985F4A5 /* Pods-Trittstufe.release.xcconfig */;
			buildSettings = {
				ASSETCATALOG_COMPILER_APPICON_NAME = AppIcon;
				ASSETCATALOG_COMPILER_GLOBAL_ACCENT_COLOR_NAME = AccentColor;
				CODE_SIGN_STYLE = Automatic;
				CURRENT_PROJECT_VERSION = 1;
				DEVELOPMENT_TEAM = YP55X74PC3;
				GENERATE_INFOPLIST_FILE = YES;
				INFOPLIST_FILE = Trittstufe/Info.plist;
				INFOPLIST_KEY_NSCameraUsageDescription = "Scan the qr code";
				INFOPLIST_KEY_NSFaceIDUsageDescription = "Identify yourself";
				INFOPLIST_KEY_NSLocationAlwaysAndWhenInUseUsageDescription = "We need this!";
				INFOPLIST_KEY_NSLocationAlwaysUsageDescription = "We need this!";
				INFOPLIST_KEY_NSLocationWhenInUseUsageDescription = "We need this!";
				INFOPLIST_KEY_UIApplicationSupportsIndirectInputEvents = YES;
				INFOPLIST_KEY_UILaunchStoryboardName = LaunchScreen;
				INFOPLIST_KEY_UIMainStoryboardFile = Main;
				INFOPLIST_KEY_UISupportedInterfaceOrientations = UIInterfaceOrientationPortrait;
				INFOPLIST_KEY_UISupportedInterfaceOrientations_iPad = "UIInterfaceOrientationPortrait UIInterfaceOrientationPortraitUpsideDown UIInterfaceOrientationLandscapeLeft UIInterfaceOrientationLandscapeRight";
				INFOPLIST_KEY_UISupportedInterfaceOrientations_iPhone = "UIInterfaceOrientationPortrait UIInterfaceOrientationLandscapeLeft UIInterfaceOrientationLandscapeRight";
				LD_RUNPATH_SEARCH_PATHS = (
					"$(inherited)",
					"@executable_path/Frameworks",
				);
				MARKETING_VERSION = 1.0;
				PRODUCT_BUNDLE_IDENTIFIER = de.niklasschildhauer.Trittstufe;
				PRODUCT_NAME = "$(TARGET_NAME)";
				SWIFT_EMIT_LOC_STRINGS = YES;
				SWIFT_VERSION = 5.0;
				TARGETED_DEVICE_FAMILY = "1,2";
			};
			name = Release;
		};
		85D6774327F87616004500D9 /* Debug */ = {
			isa = XCBuildConfiguration;
			baseConfigurationReference = 3FE963B7E3D2F294F75DDC25 /* Pods-TrittstufeTests.debug.xcconfig */;
			buildSettings = {
				ALWAYS_EMBED_SWIFT_STANDARD_LIBRARIES = YES;
				BUNDLE_LOADER = "$(TEST_HOST)";
				CODE_SIGN_STYLE = Automatic;
				CURRENT_PROJECT_VERSION = 1;
				GENERATE_INFOPLIST_FILE = YES;
				IPHONEOS_DEPLOYMENT_TARGET = 15.2;
				MARKETING_VERSION = 1.0;
				PRODUCT_BUNDLE_IDENTIFIER = de.niklasschildhauer.TrittstufeTests;
				PRODUCT_NAME = "$(TARGET_NAME)";
				SWIFT_EMIT_LOC_STRINGS = NO;
				SWIFT_VERSION = 5.0;
				TARGETED_DEVICE_FAMILY = "1,2";
				TEST_HOST = "$(BUILT_PRODUCTS_DIR)/Trittstufe.app/Trittstufe";
			};
			name = Debug;
		};
		85D6774427F87616004500D9 /* Release */ = {
			isa = XCBuildConfiguration;
			baseConfigurationReference = 62E1BD9DA078029E8172C317 /* Pods-TrittstufeTests.release.xcconfig */;
			buildSettings = {
				ALWAYS_EMBED_SWIFT_STANDARD_LIBRARIES = YES;
				BUNDLE_LOADER = "$(TEST_HOST)";
				CODE_SIGN_STYLE = Automatic;
				CURRENT_PROJECT_VERSION = 1;
				GENERATE_INFOPLIST_FILE = YES;
				IPHONEOS_DEPLOYMENT_TARGET = 15.2;
				MARKETING_VERSION = 1.0;
				PRODUCT_BUNDLE_IDENTIFIER = de.niklasschildhauer.TrittstufeTests;
				PRODUCT_NAME = "$(TARGET_NAME)";
				SWIFT_EMIT_LOC_STRINGS = NO;
				SWIFT_VERSION = 5.0;
				TARGETED_DEVICE_FAMILY = "1,2";
				TEST_HOST = "$(BUILT_PRODUCTS_DIR)/Trittstufe.app/Trittstufe";
			};
			name = Release;
		};
		85D6774627F87616004500D9 /* Debug */ = {
			isa = XCBuildConfiguration;
			baseConfigurationReference = B11A6AF867BE3C64EDD0E366 /* Pods-Trittstufe-TrittstufeUITests.debug.xcconfig */;
			buildSettings = {
				ALWAYS_EMBED_SWIFT_STANDARD_LIBRARIES = YES;
				CODE_SIGN_STYLE = Automatic;
				CURRENT_PROJECT_VERSION = 1;
				GENERATE_INFOPLIST_FILE = YES;
				MARKETING_VERSION = 1.0;
				PRODUCT_BUNDLE_IDENTIFIER = de.niklasschildhauer.TrittstufeUITests;
				PRODUCT_NAME = "$(TARGET_NAME)";
				SWIFT_EMIT_LOC_STRINGS = NO;
				SWIFT_VERSION = 5.0;
				TARGETED_DEVICE_FAMILY = "1,2";
				TEST_TARGET_NAME = Trittstufe;
			};
			name = Debug;
		};
		85D6774727F87616004500D9 /* Release */ = {
			isa = XCBuildConfiguration;
			baseConfigurationReference = 97EBD7A9A2F15F7213BB2CEF /* Pods-Trittstufe-TrittstufeUITests.release.xcconfig */;
			buildSettings = {
				ALWAYS_EMBED_SWIFT_STANDARD_LIBRARIES = YES;
				CODE_SIGN_STYLE = Automatic;
				CURRENT_PROJECT_VERSION = 1;
				GENERATE_INFOPLIST_FILE = YES;
				MARKETING_VERSION = 1.0;
				PRODUCT_BUNDLE_IDENTIFIER = de.niklasschildhauer.TrittstufeUITests;
				PRODUCT_NAME = "$(TARGET_NAME)";
				SWIFT_EMIT_LOC_STRINGS = NO;
				SWIFT_VERSION = 5.0;
				TARGETED_DEVICE_FAMILY = "1,2";
				TEST_TARGET_NAME = Trittstufe;
			};
			name = Release;
		};
/* End XCBuildConfiguration section */

/* Begin XCConfigurationList section */
		85D6770D27F87614004500D9 /* Build configuration list for PBXProject "Trittstufe" */ = {
			isa = XCConfigurationList;
			buildConfigurations = (
				85D6773D27F87616004500D9 /* Debug */,
				85D6773E27F87616004500D9 /* Release */,
			);
			defaultConfigurationIsVisible = 0;
			defaultConfigurationName = Release;
		};
		85D6773F27F87616004500D9 /* Build configuration list for PBXNativeTarget "Trittstufe" */ = {
			isa = XCConfigurationList;
			buildConfigurations = (
				85D6774027F87616004500D9 /* Debug */,
				85D6774127F87616004500D9 /* Release */,
			);
			defaultConfigurationIsVisible = 0;
			defaultConfigurationName = Release;
		};
		85D6774227F87616004500D9 /* Build configuration list for PBXNativeTarget "TrittstufeTests" */ = {
			isa = XCConfigurationList;
			buildConfigurations = (
				85D6774327F87616004500D9 /* Debug */,
				85D6774427F87616004500D9 /* Release */,
			);
			defaultConfigurationIsVisible = 0;
			defaultConfigurationName = Release;
		};
		85D6774527F87616004500D9 /* Build configuration list for PBXNativeTarget "TrittstufeUITests" */ = {
			isa = XCConfigurationList;
			buildConfigurations = (
				85D6774627F87616004500D9 /* Debug */,
				85D6774727F87616004500D9 /* Release */,
			);
			defaultConfigurationIsVisible = 0;
			defaultConfigurationName = Release;
		};
/* End XCConfigurationList section */

/* Begin XCVersionGroup section */
		85D6771E27F87614004500D9 /* Trittstufe.xcdatamodeld */ = {
			isa = XCVersionGroup;
			children = (
				85D6771F27F87614004500D9 /* Trittstufe.xcdatamodel */,
			);
			currentVersion = 85D6771F27F87614004500D9 /* Trittstufe.xcdatamodel */;
			path = Trittstufe.xcdatamodeld;
			sourceTree = "<group>";
			versionGroupType = wrapper.xcdatamodel;
		};
/* End XCVersionGroup section */
	};
	rootObject = 85D6770A27F87614004500D9 /* Project object */;
}
