// !$*UTF8*$!
{
	archiveVersion = 1;
	classes = {
	};
	objectVersion = 55;
	objects = {

/* Begin PBXBuildFile section */
		6A4F4E59DF2C9A001B6076CA /* Pods_TrittstufeTests.framework in Frameworks */ = {isa = PBXBuildFile; fileRef = 9A8B6589B068F220BFB46D28 /* Pods_TrittstufeTests.framework */; };
		8387DC4BB5212A6E7158F7DF /* Pods_Trittstufe_TrittstufeUITests.framework in Frameworks */ = {isa = PBXBuildFile; fileRef = 0091062914BEE10808895AC2 /* Pods_Trittstufe_TrittstufeUITests.framework */; };
		85D6771627F87614004500D9 /* AppDelegate.swift in Sources */ = {isa = PBXBuildFile; fileRef = 85D6771527F87614004500D9 /* AppDelegate.swift */; };
		85D6771827F87614004500D9 /* SceneDelegate.swift in Sources */ = {isa = PBXBuildFile; fileRef = 85D6771727F87614004500D9 /* SceneDelegate.swift */; };
		85D6771D27F87614004500D9 /* Main.storyboard in Resources */ = {isa = PBXBuildFile; fileRef = 85D6771B27F87614004500D9 /* Main.storyboard */; };
		85D6772027F87614004500D9 /* Trittstufe.xcdatamodeld in Sources */ = {isa = PBXBuildFile; fileRef = 85D6771E27F87614004500D9 /* Trittstufe.xcdatamodeld */; };
		85D6772227F87615004500D9 /* Assets.xcassets in Resources */ = {isa = PBXBuildFile; fileRef = 85D6772127F87615004500D9 /* Assets.xcassets */; };
		85D6772527F87615004500D9 /* LaunchScreen.storyboard in Resources */ = {isa = PBXBuildFile; fileRef = 85D6772327F87615004500D9 /* LaunchScreen.storyboard */; };
		85D6773027F87616004500D9 /* TrittstufeTests.swift in Sources */ = {isa = PBXBuildFile; fileRef = 85D6772F27F87616004500D9 /* TrittstufeTests.swift */; };
		85D6773A27F87616004500D9 /* TrittstufeUITests.swift in Sources */ = {isa = PBXBuildFile; fileRef = 85D6773927F87616004500D9 /* TrittstufeUITests.swift */; };
		85D6773C27F87616004500D9 /* TrittstufeUITestsLaunchTests.swift in Sources */ = {isa = PBXBuildFile; fileRef = 85D6773B27F87616004500D9 /* TrittstufeUITestsLaunchTests.swift */; };
		85D6775027F876C2004500D9 /* AppCoordinator.swift in Sources */ = {isa = PBXBuildFile; fileRef = 85D6774F27F876C2004500D9 /* AppCoordinator.swift */; };
		85D6775227F87758004500D9 /* HomeCoordinator.swift in Sources */ = {isa = PBXBuildFile; fileRef = 85D6775127F87758004500D9 /* HomeCoordinator.swift */; };
		85D6775427F877A3004500D9 /* Coordinator+protocol.swift in Sources */ = {isa = PBXBuildFile; fileRef = 85D6775327F877A3004500D9 /* Coordinator+protocol.swift */; };
		85D6775627F877CD004500D9 /* HomePresenter.swift in Sources */ = {isa = PBXBuildFile; fileRef = 85D6775527F877CD004500D9 /* HomePresenter.swift */; };
		85D6775B27F87840004500D9 /* HomeViewController.swift in Sources */ = {isa = PBXBuildFile; fileRef = 85D6775927F87840004500D9 /* HomeViewController.swift */; };
		85D6775C27F87840004500D9 /* HomeViewController.xib in Resources */ = {isa = PBXBuildFile; fileRef = 85D6775A27F87840004500D9 /* HomeViewController.xib */; };
		85D6775E27F87E34004500D9 /* MQTTClientService.swift in Sources */ = {isa = PBXBuildFile; fileRef = 85D6775D27F87E34004500D9 /* MQTTClientService.swift */; };
		959A07A7831CF689BAA5C497 /* Pods_Trittstufe.framework in Frameworks */ = {isa = PBXBuildFile; fileRef = 37AC2BB143BB9218AB40ECE9 /* Pods_Trittstufe.framework */; };
/* End PBXBuildFile section */

/* Begin PBXContainerItemProxy section */
		85D6772C27F87616004500D9 /* PBXContainerItemProxy */ = {
			isa = PBXContainerItemProxy;
			containerPortal = 85D6770A27F87614004500D9 /* Project object */;
			proxyType = 1;
			remoteGlobalIDString = 85D6771127F87614004500D9;
			remoteInfo = Trittstufe;
		};
		85D6773627F87616004500D9 /* PBXContainerItemProxy */ = {
			isa = PBXContainerItemProxy;
			containerPortal = 85D6770A27F87614004500D9 /* Project object */;
			proxyType = 1;
			remoteGlobalIDString = 85D6771127F87614004500D9;
			remoteInfo = Trittstufe;
		};
/* End PBXContainerItemProxy section */

/* Begin PBXFileReference section */
		0091062914BEE10808895AC2 /* Pods_Trittstufe_TrittstufeUITests.framework */ = {isa = PBXFileReference; explicitFileType = wrapper.framework; includeInIndex = 0; path = Pods_Trittstufe_TrittstufeUITests.framework; sourceTree = BUILT_PRODUCTS_DIR; };
		37AC2BB143BB9218AB40ECE9 /* Pods_Trittstufe.framework */ = {isa = PBXFileReference; explicitFileType = wrapper.framework; includeInIndex = 0; path = Pods_Trittstufe.framework; sourceTree = BUILT_PRODUCTS_DIR; };
		3FE963B7E3D2F294F75DDC25 /* Pods-TrittstufeTests.debug.xcconfig */ = {isa = PBXFileReference; includeInIndex = 1; lastKnownFileType = text.xcconfig; name = "Pods-TrittstufeTests.debug.xcconfig"; path = "Target Support Files/Pods-TrittstufeTests/Pods-TrittstufeTests.debug.xcconfig"; sourceTree = "<group>"; };
		62E1BD9DA078029E8172C317 /* Pods-TrittstufeTests.release.xcconfig */ = {isa = PBXFileReference; includeInIndex = 1; lastKnownFileType = text.xcconfig; name = "Pods-TrittstufeTests.release.xcconfig"; path = "Target Support Files/Pods-TrittstufeTests/Pods-TrittstufeTests.release.xcconfig"; sourceTree = "<group>"; };
		85D6771227F87614004500D9 /* Trittstufe.app */ = {isa = PBXFileReference; explicitFileType = wrapper.application; includeInIndex = 0; path = Trittstufe.app; sourceTree = BUILT_PRODUCTS_DIR; };
		85D6771527F87614004500D9 /* AppDelegate.swift */ = {isa = PBXFileReference; lastKnownFileType = sourcecode.swift; path = AppDelegate.swift; sourceTree = "<group>"; };
		85D6771727F87614004500D9 /* SceneDelegate.swift */ = {isa = PBXFileReference; lastKnownFileType = sourcecode.swift; path = SceneDelegate.swift; sourceTree = "<group>"; };
		85D6771C27F87614004500D9 /* Base */ = {isa = PBXFileReference; lastKnownFileType = file.storyboard; name = Base; path = Base.lproj/Main.storyboard; sourceTree = "<group>"; };
		85D6771F27F87614004500D9 /* Trittstufe.xcdatamodel */ = {isa = PBXFileReference; lastKnownFileType = wrapper.xcdatamodel; path = Trittstufe.xcdatamodel; sourceTree = "<group>"; };
		85D6772127F87615004500D9 /* Assets.xcassets */ = {isa = PBXFileReference; lastKnownFileType = folder.assetcatalog; path = Assets.xcassets; sourceTree = "<group>"; };
		85D6772427F87615004500D9 /* Base */ = {isa = PBXFileReference; lastKnownFileType = file.storyboard; name = Base; path = Base.lproj/LaunchScreen.storyboard; sourceTree = "<group>"; };
		85D6772627F87615004500D9 /* Info.plist */ = {isa = PBXFileReference; lastKnownFileType = text.plist.xml; path = Info.plist; sourceTree = "<group>"; };
		85D6772B27F87616004500D9 /* TrittstufeTests.xctest */ = {isa = PBXFileReference; explicitFileType = wrapper.cfbundle; includeInIndex = 0; path = TrittstufeTests.xctest; sourceTree = BUILT_PRODUCTS_DIR; };
		85D6772F27F87616004500D9 /* TrittstufeTests.swift */ = {isa = PBXFileReference; lastKnownFileType = sourcecode.swift; path = TrittstufeTests.swift; sourceTree = "<group>"; };
		85D6773527F87616004500D9 /* TrittstufeUITests.xctest */ = {isa = PBXFileReference; explicitFileType = wrapper.cfbundle; includeInIndex = 0; path = TrittstufeUITests.xctest; sourceTree = BUILT_PRODUCTS_DIR; };
		85D6773927F87616004500D9 /* TrittstufeUITests.swift */ = {isa = PBXFileReference; lastKnownFileType = sourcecode.swift; path = TrittstufeUITests.swift; sourceTree = "<group>"; };
		85D6773B27F87616004500D9 /* TrittstufeUITestsLaunchTests.swift */ = {isa = PBXFileReference; lastKnownFileType = sourcecode.swift; path = TrittstufeUITestsLaunchTests.swift; sourceTree = "<group>"; };
		85D6774F27F876C2004500D9 /* AppCoordinator.swift */ = {isa = PBXFileReference; lastKnownFileType = sourcecode.swift; path = AppCoordinator.swift; sourceTree = "<group>"; };
		85D6775127F87758004500D9 /* HomeCoordinator.swift */ = {isa = PBXFileReference; lastKnownFileType = sourcecode.swift; path = HomeCoordinator.swift; sourceTree = "<group>"; };
		85D6775327F877A3004500D9 /* Coordinator+protocol.swift */ = {isa = PBXFileReference; lastKnownFileType = sourcecode.swift; path = "Coordinator+protocol.swift"; sourceTree = "<group>"; };
		85D6775527F877CD004500D9 /* HomePresenter.swift */ = {isa = PBXFileReference; lastKnownFileType = sourcecode.swift; path = HomePresenter.swift; sourceTree = "<group>"; };
		85D6775927F87840004500D9 /* HomeViewController.swift */ = {isa = PBXFileReference; lastKnownFileType = sourcecode.swift; path = HomeViewController.swift; sourceTree = "<group>"; };
		85D6775A27F87840004500D9 /* HomeViewController.xib */ = {isa = PBXFileReference; lastKnownFileType = file.xib; path = HomeViewController.xib; sourceTree = "<group>"; };
		85D6775D27F87E34004500D9 /* MQTTClientService.swift */ = {isa = PBXFileReference; lastKnownFileType = sourcecode.swift; path = MQTTClientService.swift; sourceTree = "<group>"; };
		97EBD7A9A2F15F7213BB2CEF /* Pods-Trittstufe-TrittstufeUITests.release.xcconfig */ = {isa = PBXFileReference; includeInIndex = 1; lastKnownFileType = text.xcconfig; name = "Pods-Trittstufe-TrittstufeUITests.release.xcconfig"; path = "Target Support Files/Pods-Trittstufe-TrittstufeUITests/Pods-Trittstufe-TrittstufeUITests.release.xcconfig"; sourceTree = "<group>"; };
		9A8B6589B068F220BFB46D28 /* Pods_TrittstufeTests.framework */ = {isa = PBXFileReference; explicitFileType = wrapper.framework; includeInIndex = 0; path = Pods_TrittstufeTests.framework; sourceTree = BUILT_PRODUCTS_DIR; };
		A766F4AA522C43733F6D6C56 /* Pods-Trittstufe.debug.xcconfig */ = {isa = PBXFileReference; includeInIndex = 1; lastKnownFileType = text.xcconfig; name = "Pods-Trittstufe.debug.xcconfig"; path = "Target Support Files/Pods-Trittstufe/Pods-Trittstufe.debug.xcconfig"; sourceTree = "<group>"; };
		B11A6AF867BE3C64EDD0E366 /* Pods-Trittstufe-TrittstufeUITests.debug.xcconfig */ = {isa = PBXFileReference; includeInIndex = 1; lastKnownFileType = text.xcconfig; name = "Pods-Trittstufe-TrittstufeUITests.debug.xcconfig"; path = "Target Support Files/Pods-Trittstufe-TrittstufeUITests/Pods-Trittstufe-TrittstufeUITests.debug.xcconfig"; sourceTree = "<group>"; };
		D4A3DA7A280F8DB2B985F4A5 /* Pods-Trittstufe.release.xcconfig */ = {isa = PBXFileReference; includeInIndex = 1; lastKnownFileType = text.xcconfig; name = "Pods-Trittstufe.release.xcconfig"; path = "Target Support Files/Pods-Trittstufe/Pods-Trittstufe.release.xcconfig"; sourceTree = "<group>"; };
/* End PBXFileReference section */

/* Begin PBXFrameworksBuildPhase section */
		85D6770F27F87614004500D9 /* Frameworks */ = {
			isa = PBXFrameworksBuildPhase;
			buildActionMask = 2147483647;
			files = (
				959A07A7831CF689BAA5C497 /* Pods_Trittstufe.framework in Frameworks */,
			);
			runOnlyForDeploymentPostprocessing = 0;
		};
		85D6772827F87616004500D9 /* Frameworks */ = {
			isa = PBXFrameworksBuildPhase;
			buildActionMask = 2147483647;
			files = (
				6A4F4E59DF2C9A001B6076CA /* Pods_TrittstufeTests.framework in Frameworks */,
			);
			runOnlyForDeploymentPostprocessing = 0;
		};
		85D6773227F87616004500D9 /* Frameworks */ = {
			isa = PBXFrameworksBuildPhase;
			buildActionMask = 2147483647;
			files = (
				8387DC4BB5212A6E7158F7DF /* Pods_Trittstufe_TrittstufeUITests.framework in Frameworks */,
			);
			runOnlyForDeploymentPostprocessing = 0;
		};
/* End PBXFrameworksBuildPhase section */

/* Begin PBXGroup section */
		06F3F9B4623D2F94D2A09F97 /* Pods */ = {
			isa = PBXGroup;
			children = (
				A766F4AA522C43733F6D6C56 /* Pods-Trittstufe.debug.xcconfig */,
				D4A3DA7A280F8DB2B985F4A5 /* Pods-Trittstufe.release.xcconfig */,
				B11A6AF867BE3C64EDD0E366 /* Pods-Trittstufe-TrittstufeUITests.debug.xcconfig */,
				97EBD7A9A2F15F7213BB2CEF /* Pods-Trittstufe-TrittstufeUITests.release.xcconfig */,
				3FE963B7E3D2F294F75DDC25 /* Pods-TrittstufeTests.debug.xcconfig */,
				62E1BD9DA078029E8172C317 /* Pods-TrittstufeTests.release.xcconfig */,
			);
			path = Pods;
			sourceTree = "<group>";
		};
		7E1043C670FBB8EEAB0671C7 /* Frameworks */ = {
			isa = PBXGroup;
			children = (
				37AC2BB143BB9218AB40ECE9 /* Pods_Trittstufe.framework */,
				0091062914BEE10808895AC2 /* Pods_Trittstufe_TrittstufeUITests.framework */,
				9A8B6589B068F220BFB46D28 /* Pods_TrittstufeTests.framework */,
			);
			name = Frameworks;
			sourceTree = "<group>";
		};
		85D6770927F87614004500D9 = {
			isa = PBXGroup;
			children = (
				85D6771427F87614004500D9 /* Trittstufe */,
				85D6772E27F87616004500D9 /* TrittstufeTests */,
				85D6773827F87616004500D9 /* TrittstufeUITests */,
				85D6771327F87614004500D9 /* Products */,
				06F3F9B4623D2F94D2A09F97 /* Pods */,
				7E1043C670FBB8EEAB0671C7 /* Frameworks */,
			);
			sourceTree = "<group>";
		};
		85D6771327F87614004500D9 /* Products */ = {
			isa = PBXGroup;
			children = (
				85D6771227F87614004500D9 /* Trittstufe.app */,
				85D6772B27F87616004500D9 /* TrittstufeTests.xctest */,
				85D6773527F87616004500D9 /* TrittstufeUITests.xctest */,
			);
			name = Products;
			sourceTree = "<group>";
		};
		85D6771427F87614004500D9 /* Trittstufe */ = {
			isa = PBXGroup;
			children = (
				85D6774E27F87655004500D9 /* Model */,
				85D6774D27F8764C004500D9 /* Helper */,
				85D6774C27F87646004500D9 /* Extension */,
				85D6774B27F8763F004500D9 /* Service */,
				85D6774A27F8763A004500D9 /* Presenter */,
				85D6774927F87634004500D9 /* ViewController */,
				85D6774827F8762B004500D9 /* Coordinator */,
				85D6771527F87614004500D9 /* AppDelegate.swift */,
				85D6771727F87614004500D9 /* SceneDelegate.swift */,
				85D6771B27F87614004500D9 /* Main.storyboard */,
				85D6772127F87615004500D9 /* Assets.xcassets */,
				85D6772327F87615004500D9 /* LaunchScreen.storyboard */,
				85D6772627F87615004500D9 /* Info.plist */,
				85D6771E27F87614004500D9 /* Trittstufe.xcdatamodeld */,
			);
			path = Trittstufe;
			sourceTree = "<group>";
		};
		85D6772E27F87616004500D9 /* TrittstufeTests */ = {
			isa = PBXGroup;
			children = (
				85D6772F27F87616004500D9 /* TrittstufeTests.swift */,
			);
			path = TrittstufeTests;
			sourceTree = "<group>";
		};
		85D6773827F87616004500D9 /* TrittstufeUITests */ = {
			isa = PBXGroup;
			children = (
				85D6773927F87616004500D9 /* TrittstufeUITests.swift */,
				85D6773B27F87616004500D9 /* TrittstufeUITestsLaunchTests.swift */,
			);
			path = TrittstufeUITests;
			sourceTree = "<group>";
		};
		85D6774827F8762B004500D9 /* Coordinator */ = {
			isa = PBXGroup;
			children = (
				85D6774F27F876C2004500D9 /* AppCoordinator.swift */,
				85D6775127F87758004500D9 /* HomeCoordinator.swift */,
				85D6775327F877A3004500D9 /* Coordinator+protocol.swift */,
			);
			path = Coordinator;
			sourceTree = "<group>";
		};
		85D6774927F87634004500D9 /* ViewController */ = {
			isa = PBXGroup;
			children = (
				85D6775927F87840004500D9 /* HomeViewController.swift */,
				85D6775A27F87840004500D9 /* HomeViewController.xib */,
			);
			path = ViewController;
			sourceTree = "<group>";
		};
		85D6774A27F8763A004500D9 /* Presenter */ = {
			isa = PBXGroup;
			children = (
				85D6775527F877CD004500D9 /* HomePresenter.swift */,
			);
			path = Presenter;
			sourceTree = "<group>";
		};
		85D6774B27F8763F004500D9 /* Service */ = {
			isa = PBXGroup;
			children = (
				85D6775D27F87E34004500D9 /* MQTTClientService.swift */,
			);
			path = Service;
			sourceTree = "<group>";
		};
		85D6774C27F87646004500D9 /* Extension */ = {
			isa = PBXGroup;
			children = (
			);
			path = Extension;
			sourceTree = "<group>";
		};
		85D6774D27F8764C004500D9 /* Helper */ = {
			isa = PBXGroup;
			children = (
			);
			path = Helper;
			sourceTree = "<group>";
		};
		85D6774E27F87655004500D9 /* Model */ = {
			isa = PBXGroup;
			children = (
			);
			path = Model;
			sourceTree = "<group>";
		};
/* End PBXGroup section */

/* Begin PBXNativeTarget section */
		85D6771127F87614004500D9 /* Trittstufe */ = {
			isa = PBXNativeTarget;
			buildConfigurationList = 85D6773F27F87616004500D9 /* Build configuration list for PBXNativeTarget "Trittstufe" */;
			buildPhases = (
				90A09C6EDA8A20D69394AB2F /* [CP] Check Pods Manifest.lock */,
				85D6770E27F87614004500D9 /* Sources */,
				85D6770F27F87614004500D9 /* Frameworks */,
				85D6771027F87614004500D9 /* Resources */,
				E3A8EDCE26527079172EEA30 /* [CP] Embed Pods Frameworks */,
			);
			buildRules = (
			);
			dependencies = (
			);
			name = Trittstufe;
			productName = Trittstufe;
			productReference = 85D6771227F87614004500D9 /* Trittstufe.app */;
			productType = "com.apple.product-type.application";
		};
		85D6772A27F87616004500D9 /* TrittstufeTests */ = {
			isa = PBXNativeTarget;
			buildConfigurationList = 85D6774227F87616004500D9 /* Build configuration list for PBXNativeTarget "TrittstufeTests" */;
			buildPhases = (
				E1AF05A519BA0848256D2C61 /* [CP] Check Pods Manifest.lock */,
				85D6772727F87616004500D9 /* Sources */,
				85D6772827F87616004500D9 /* Frameworks */,
				85D6772927F87616004500D9 /* Resources */,
			);
			buildRules = (
			);
			dependencies = (
				85D6772D27F87616004500D9 /* PBXTargetDependency */,
			);
			name = TrittstufeTests;
			productName = TrittstufeTests;
			productReference = 85D6772B27F87616004500D9 /* TrittstufeTests.xctest */;
			productType = "com.apple.product-type.bundle.unit-test";
		};
		85D6773427F87616004500D9 /* TrittstufeUITests */ = {
			isa = PBXNativeTarget;
			buildConfigurationList = 85D6774527F87616004500D9 /* Build configuration list for PBXNativeTarget "TrittstufeUITests" */;
			buildPhases = (
				D67978EA1D600587ADB5707F /* [CP] Check Pods Manifest.lock */,
				85D6773127F87616004500D9 /* Sources */,
				85D6773227F87616004500D9 /* Frameworks */,
				85D6773327F87616004500D9 /* Resources */,
				2EA8FFCE1F1DBACB7C219D28 /* [CP] Embed Pods Frameworks */,
			);
			buildRules = (
			);
			dependencies = (
				85D6773727F87616004500D9 /* PBXTargetDependency */,
			);
			name = TrittstufeUITests;
			productName = TrittstufeUITests;
			productReference = 85D6773527F87616004500D9 /* TrittstufeUITests.xctest */;
			productType = "com.apple.product-type.bundle.ui-testing";
		};
/* End PBXNativeTarget section */

/* Begin PBXProject section */
		85D6770A27F87614004500D9 /* Project object */ = {
			isa = PBXProject;
			attributes = {
				BuildIndependentTargetsInParallel = 1;
				LastSwiftUpdateCheck = 1320;
				LastUpgradeCheck = 1320;
				TargetAttributes = {
					85D6771127F87614004500D9 = {
						CreatedOnToolsVersion = 13.2.1;
					};
					85D6772A27F87616004500D9 = {
						CreatedOnToolsVersion = 13.2.1;
						TestTargetID = 85D6771127F87614004500D9;
					};
					85D6773427F87616004500D9 = {
						CreatedOnToolsVersion = 13.2.1;
						TestTargetID = 85D6771127F87614004500D9;
					};
				};
			};
			buildConfigurationList = 85D6770D27F87614004500D9 /* Build configuration list for PBXProject "Trittstufe" */;
			compatibilityVersion = "Xcode 13.0";
			developmentRegion = en;
			hasScannedForEncodings = 0;
			knownRegions = (
				en,
				Base,
			);
			mainGroup = 85D6770927F87614004500D9;
			productRefGroup = 85D6771327F87614004500D9 /* Products */;
			projectDirPath = "";
			projectRoot = "";
			targets = (
				85D6771127F87614004500D9 /* Trittstufe */,
				85D6772A27F87616004500D9 /* TrittstufeTests */,
				85D6773427F87616004500D9 /* TrittstufeUITests */,
			);
		};
/* End PBXProject section */

/* Begin PBXResourcesBuildPhase section */
		85D6771027F87614004500D9 /* Resources */ = {
			isa = PBXResourcesBuildPhase;
			buildActionMask = 2147483647;
			files = (
				85D6772527F87615004500D9 /* LaunchScreen.storyboard in Resources */,
				85D6772227F87615004500D9 /* Assets.xcassets in Resources */,
				85D6771D27F87614004500D9 /* Main.storyboard in Resources */,
				85D6775C27F87840004500D9 /* HomeViewController.xib in Resources */,
			);
			runOnlyForDeploymentPostprocessing = 0;
		};
		85D6772927F87616004500D9 /* Resources */ = {
			isa = PBXResourcesBuildPhase;
			buildActionMask = 2147483647;
			files = (
			);
			runOnlyForDeploymentPostprocessing = 0;
		};
		85D6773327F87616004500D9 /* Resources */ = {
			isa = PBXResourcesBuildPhase;
			buildActionMask = 2147483647;
			files = (
			);
			runOnlyForDeploymentPostprocessing = 0;
		};
/* End PBXResourcesBuildPhase section */

/* Begin PBXShellScriptBuildPhase section */
		2EA8FFCE1F1DBACB7C219D28 /* [CP] Embed Pods Frameworks */ = {
			isa = PBXShellScriptBuildPhase;
			buildActionMask = 2147483647;
			files = (
			);
			inputFileListPaths = (
				"${PODS_ROOT}/Target Support Files/Pods-Trittstufe-TrittstufeUITests/Pods-Trittstufe-TrittstufeUITests-frameworks-${CONFIGURATION}-input-files.xcfilelist",
			);
			name = "[CP] Embed Pods Frameworks";
			outputFileListPaths = (
				"${PODS_ROOT}/Target Support Files/Pods-Trittstufe-TrittstufeUITests/Pods-Trittstufe-TrittstufeUITests-frameworks-${CONFIGURATION}-output-files.xcfilelist",
			);
			runOnlyForDeploymentPostprocessing = 0;
			shellPath = /bin/sh;
			shellScript = "\"${PODS_ROOT}/Target Support Files/Pods-Trittstufe-TrittstufeUITests/Pods-Trittstufe-TrittstufeUITests-frameworks.sh\"\n";
			showEnvVarsInLog = 0;
		};
		90A09C6EDA8A20D69394AB2F /* [CP] Check Pods Manifest.lock */ = {
			isa = PBXShellScriptBuildPhase;
			buildActionMask = 2147483647;
			files = (
			);
			inputFileListPaths = (
			);
			inputPaths = (
				"${PODS_PODFILE_DIR_PATH}/Podfile.lock",
				"${PODS_ROOT}/Manifest.lock",
			);
			name = "[CP] Check Pods Manifest.lock";
			outputFileListPaths = (
			);
			outputPaths = (
				"$(DERIVED_FILE_DIR)/Pods-Trittstufe-checkManifestLockResult.txt",
			);
			runOnlyForDeploymentPostprocessing = 0;
			shellPath = /bin/sh;
			shellScript = "diff \"${PODS_PODFILE_DIR_PATH}/Podfile.lock\" \"${PODS_ROOT}/Manifest.lock\" > /dev/null\nif [ $? != 0 ] ; then\n    # print error to STDERR\n    echo \"error: The sandbox is not in sync with the Podfile.lock. Run 'pod install' or update your CocoaPods installation.\" >&2\n    exit 1\nfi\n# This output is used by Xcode 'outputs' to avoid re-running this script phase.\necho \"SUCCESS\" > \"${SCRIPT_OUTPUT_FILE_0}\"\n";
			showEnvVarsInLog = 0;
		};
		D67978EA1D600587ADB5707F /* [CP] Check Pods Manifest.lock */ = {
			isa = PBXShellScriptBuildPhase;
			buildActionMask = 2147483647;
			files = (
			);
			inputFileListPaths = (
			);
			inputPaths = (
				"${PODS_PODFILE_DIR_PATH}/Podfile.lock",
				"${PODS_ROOT}/Manifest.lock",
			);
			name = "[CP] Check Pods Manifest.lock";
			outputFileListPaths = (
			);
			outputPaths = (
				"$(DERIVED_FILE_DIR)/Pods-Trittstufe-TrittstufeUITests-checkManifestLockResult.txt",
			);
			runOnlyForDeploymentPostprocessing = 0;
			shellPath = /bin/sh;
			shellScript = "diff \"${PODS_PODFILE_DIR_PATH}/Podfile.lock\" \"${PODS_ROOT}/Manifest.lock\" > /dev/null\nif [ $? != 0 ] ; then\n    # print error to STDERR\n    echo \"error: The sandbox is not in sync with the Podfile.lock. Run 'pod install' or update your CocoaPods installation.\" >&2\n    exit 1\nfi\n# This output is used by Xcode 'outputs' to avoid re-running this script phase.\necho \"SUCCESS\" > \"${SCRIPT_OUTPUT_FILE_0}\"\n";
			showEnvVarsInLog = 0;
		};
		E1AF05A519BA0848256D2C61 /* [CP] Check Pods Manifest.lock */ = {
			isa = PBXShellScriptBuildPhase;
			buildActionMask = 2147483647;
			files = (
			);
			inputFileListPaths = (
			);
			inputPaths = (
				"${PODS_PODFILE_DIR_PATH}/Podfile.lock",
				"${PODS_ROOT}/Manifest.lock",
			);
			name = "[CP] Check Pods Manifest.lock";
			outputFileListPaths = (
			);
			outputPaths = (
				"$(DERIVED_FILE_DIR)/Pods-TrittstufeTests-checkManifestLockResult.txt",
			);
			runOnlyForDeploymentPostprocessing = 0;
			shellPath = /bin/sh;
			shellScript = "diff \"${PODS_PODFILE_DIR_PATH}/Podfile.lock\" \"${PODS_ROOT}/Manifest.lock\" > /dev/null\nif [ $? != 0 ] ; then\n    # print error to STDERR\n    echo \"error: The sandbox is not in sync with the Podfile.lock. Run 'pod install' or update your CocoaPods installation.\" >&2\n    exit 1\nfi\n# This output is used by Xcode 'outputs' to avoid re-running this script phase.\necho \"SUCCESS\" > \"${SCRIPT_OUTPUT_FILE_0}\"\n";
			showEnvVarsInLog = 0;
		};
		E3A8EDCE26527079172EEA30 /* [CP] Embed Pods Frameworks */ = {
			isa = PBXShellScriptBuildPhase;
			buildActionMask = 2147483647;
			files = (
			);
			inputFileListPaths = (
				"${PODS_ROOT}/Target Support Files/Pods-Trittstufe/Pods-Trittstufe-frameworks-${CONFIGURATION}-input-files.xcfilelist",
			);
			name = "[CP] Embed Pods Frameworks";
			outputFileListPaths = (
				"${PODS_ROOT}/Target Support Files/Pods-Trittstufe/Pods-Trittstufe-frameworks-${CONFIGURATION}-output-files.xcfilelist",
			);
			runOnlyForDeploymentPostprocessing = 0;
			shellPath = /bin/sh;
			shellScript = "\"${PODS_ROOT}/Target Support Files/Pods-Trittstufe/Pods-Trittstufe-frameworks.sh\"\n";
			showEnvVarsInLog = 0;
		};
/* End PBXShellScriptBuildPhase section */

/* Begin PBXSourcesBuildPhase section */
		85D6770E27F87614004500D9 /* Sources */ = {
			isa = PBXSourcesBuildPhase;
			buildActionMask = 2147483647;
			files = (
				85D6775627F877CD004500D9 /* HomePresenter.swift in Sources */,
				85D6775427F877A3004500D9 /* Coordinator+protocol.swift in Sources */,
				85D6775027F876C2004500D9 /* AppCoordinator.swift in Sources */,
				85D6775B27F87840004500D9 /* HomeViewController.swift in Sources */,
				85D6772027F87614004500D9 /* Trittstufe.xcdatamodeld in Sources */,
				85D6775E27F87E34004500D9 /* MQTTClientService.swift in Sources */,
				85D6775227F87758004500D9 /* HomeCoordinator.swift in Sources */,
				85D6771627F87614004500D9 /* AppDelegate.swift in Sources */,
				85D6771827F87614004500D9 /* SceneDelegate.swift in Sources */,
			);
			runOnlyForDeploymentPostprocessing = 0;
		};
		85D6772727F87616004500D9 /* Sources */ = {
			isa = PBXSourcesBuildPhase;
			buildActionMask = 2147483647;
			files = (
				85D6773027F87616004500D9 /* TrittstufeTests.swift in Sources */,
			);
			runOnlyForDeploymentPostprocessing = 0;
		};
		85D6773127F87616004500D9 /* Sources */ = {
			isa = PBXSourcesBuildPhase;
			buildActionMask = 2147483647;
			files = (
				85D6773C27F87616004500D9 /* TrittstufeUITestsLaunchTests.swift in Sources */,
				85D6773A27F87616004500D9 /* TrittstufeUITests.swift in Sources */,
			);
			runOnlyForDeploymentPostprocessing = 0;
		};
/* End PBXSourcesBuildPhase section */

/* Begin PBXTargetDependency section */
		85D6772D27F87616004500D9 /* PBXTargetDependency */ = {
			isa = PBXTargetDependency;
			target = 85D6771127F87614004500D9 /* Trittstufe */;
			targetProxy = 85D6772C27F87616004500D9 /* PBXContainerItemProxy */;
		};
		85D6773727F87616004500D9 /* PBXTargetDependency */ = {
			isa = PBXTargetDependency;
			target = 85D6771127F87614004500D9 /* Trittstufe */;
			targetProxy = 85D6773627F87616004500D9 /* PBXContainerItemProxy */;
		};
/* End PBXTargetDependency section */

/* Begin PBXVariantGroup section */
		85D6771B27F87614004500D9 /* Main.storyboard */ = {
			isa = PBXVariantGroup;
			children = (
				85D6771C27F87614004500D9 /* Base */,
			);
			name = Main.storyboard;
			sourceTree = "<group>";
		};
		85D6772327F87615004500D9 /* LaunchScreen.storyboard */ = {
			isa = PBXVariantGroup;
			children = (
				85D6772427F87615004500D9 /* Base */,
			);
			name = LaunchScreen.storyboard;
			sourceTree = "<group>";
		};
/* End PBXVariantGroup section */

/* Begin XCBuildConfiguration section */
		85D6773D27F87616004500D9 /* Debug */ = {
			isa = XCBuildConfiguration;
			buildSettings = {
				ALWAYS_SEARCH_USER_PATHS = NO;
				CLANG_ANALYZER_NONNULL = YES;
				CLANG_ANALYZER_NUMBER_OBJECT_CONVERSION = YES_AGGRESSIVE;
				CLANG_CXX_LANGUAGE_STANDARD = "gnu++17";
				CLANG_CXX_LIBRARY = "libc++";
				CLANG_ENABLE_MODULES = YES;
				CLANG_ENABLE_OBJC_ARC = YES;
				CLANG_ENABLE_OBJC_WEAK = YES;
				CLANG_WARN_BLOCK_CAPTURE_AUTORELEASING = YES;
				CLANG_WARN_BOOL_CONVERSION = YES;
				CLANG_WARN_COMMA = YES;
				CLANG_WARN_CONSTANT_CONVERSION = YES;
				CLANG_WARN_DEPRECATED_OBJC_IMPLEMENTATIONS = YES;
				CLANG_WARN_DIRECT_OBJC_ISA_USAGE = YES_ERROR;
				CLANG_WARN_DOCUMENTATION_COMMENTS = YES;
				CLANG_WARN_EMPTY_BODY = YES;
				CLANG_WARN_ENUM_CONVERSION = YES;
				CLANG_WARN_INFINITE_RECURSION = YES;
				CLANG_WARN_INT_CONVERSION = YES;
				CLANG_WARN_NON_LITERAL_NULL_CONVERSION = YES;
				CLANG_WARN_OBJC_IMPLICIT_RETAIN_SELF = YES;
				CLANG_WARN_OBJC_LITERAL_CONVERSION = YES;
				CLANG_WARN_OBJC_ROOT_CLASS = YES_ERROR;
				CLANG_WARN_QUOTED_INCLUDE_IN_FRAMEWORK_HEADER = YES;
				CLANG_WARN_RANGE_LOOP_ANALYSIS = YES;
				CLANG_WARN_STRICT_PROTOTYPES = YES;
				CLANG_WARN_SUSPICIOUS_MOVE = YES;
				CLANG_WARN_UNGUARDED_AVAILABILITY = YES_AGGRESSIVE;
				CLANG_WARN_UNREACHABLE_CODE = YES;
				CLANG_WARN__DUPLICATE_METHOD_MATCH = YES;
				COPY_PHASE_STRIP = NO;
				DEBUG_INFORMATION_FORMAT = dwarf;
				ENABLE_STRICT_OBJC_MSGSEND = YES;
				ENABLE_TESTABILITY = YES;
				GCC_C_LANGUAGE_STANDARD = gnu11;
				GCC_DYNAMIC_NO_PIC = NO;
				GCC_NO_COMMON_BLOCKS = YES;
				GCC_OPTIMIZATION_LEVEL = 0;
				GCC_PREPROCESSOR_DEFINITIONS = (
					"DEBUG=1",
					"$(inherited)",
				);
				GCC_WARN_64_TO_32_BIT_CONVERSION = YES;
				GCC_WARN_ABOUT_RETURN_TYPE = YES_ERROR;
				GCC_WARN_UNDECLARED_SELECTOR = YES;
				GCC_WARN_UNINITIALIZED_AUTOS = YES_AGGRESSIVE;
				GCC_WARN_UNUSED_FUNCTION = YES;
				GCC_WARN_UNUSED_VARIABLE = YES;
				IPHONEOS_DEPLOYMENT_TARGET = 15.2;
				MTL_ENABLE_DEBUG_INFO = INCLUDE_SOURCE;
				MTL_FAST_MATH = YES;
				ONLY_ACTIVE_ARCH = YES;
				SDKROOT = iphoneos;
				SWIFT_ACTIVE_COMPILATION_CONDITIONS = DEBUG;
				SWIFT_OPTIMIZATION_LEVEL = "-Onone";
			};
			name = Debug;
		};
		85D6773E27F87616004500D9 /* Release */ = {
			isa = XCBuildConfiguration;
			buildSettings = {
				ALWAYS_SEARCH_USER_PATHS = NO;
				CLANG_ANALYZER_NONNULL = YES;
				CLANG_ANALYZER_NUMBER_OBJECT_CONVERSION = YES_AGGRESSIVE;
				CLANG_CXX_LANGUAGE_STANDARD = "gnu++17";
				CLANG_CXX_LIBRARY = "libc++";
				CLANG_ENABLE_MODULES = YES;
				CLANG_ENABLE_OBJC_ARC = YES;
				CLANG_ENABLE_OBJC_WEAK = YES;
				CLANG_WARN_BLOCK_CAPTURE_AUTORELEASING = YES;
				CLANG_WARN_BOOL_CONVERSION = YES;
				CLANG_WARN_COMMA = YES;
				CLANG_WARN_CONSTANT_CONVERSION = YES;
				CLANG_WARN_DEPRECATED_OBJC_IMPLEMENTATIONS = YES;
				CLANG_WARN_DIRECT_OBJC_ISA_USAGE = YES_ERROR;
				CLANG_WARN_DOCUMENTATION_COMMENTS = YES;
				CLANG_WARN_EMPTY_BODY = YES;
				CLANG_WARN_ENUM_CONVERSION = YES;
				CLANG_WARN_INFINITE_RECURSION = YES;
				CLANG_WARN_INT_CONVERSION = YES;
				CLANG_WARN_NON_LITERAL_NULL_CONVERSION = YES;
				CLANG_WARN_OBJC_IMPLICIT_RETAIN_SELF = YES;
				CLANG_WARN_OBJC_LITERAL_CONVERSION = YES;
				CLANG_WARN_OBJC_ROOT_CLASS = YES_ERROR;
				CLANG_WARN_QUOTED_INCLUDE_IN_FRAMEWORK_HEADER = YES;
				CLANG_WARN_RANGE_LOOP_ANALYSIS = YES;
				CLANG_WARN_STRICT_PROTOTYPES = YES;
				CLANG_WARN_SUSPICIOUS_MOVE = YES;
				CLANG_WARN_UNGUARDED_AVAILABILITY = YES_AGGRESSIVE;
				CLANG_WARN_UNREACHABLE_CODE = YES;
				CLANG_WARN__DUPLICATE_METHOD_MATCH = YES;
				COPY_PHASE_STRIP = NO;
				DEBUG_INFORMATION_FORMAT = "dwarf-with-dsym";
				ENABLE_NS_ASSERTIONS = NO;
				ENABLE_STRICT_OBJC_MSGSEND = YES;
				GCC_C_LANGUAGE_STANDARD = gnu11;
				GCC_NO_COMMON_BLOCKS = YES;
				GCC_WARN_64_TO_32_BIT_CONVERSION = YES;
				GCC_WARN_ABOUT_RETURN_TYPE = YES_ERROR;
				GCC_WARN_UNDECLARED_SELECTOR = YES;
				GCC_WARN_UNINITIALIZED_AUTOS = YES_AGGRESSIVE;
				GCC_WARN_UNUSED_FUNCTION = YES;
				GCC_WARN_UNUSED_VARIABLE = YES;
				IPHONEOS_DEPLOYMENT_TARGET = 15.2;
				MTL_ENABLE_DEBUG_INFO = NO;
				MTL_FAST_MATH = YES;
				SDKROOT = iphoneos;
				SWIFT_COMPILATION_MODE = wholemodule;
				SWIFT_OPTIMIZATION_LEVEL = "-O";
				VALIDATE_PRODUCT = YES;
			};
			name = Release;
		};
		85D6774027F87616004500D9 /* Debug */ = {
			isa = XCBuildConfiguration;
			baseConfigurationReference = A766F4AA522C43733F6D6C56 /* Pods-Trittstufe.debug.xcconfig */;
			buildSettings = {
				ASSETCATALOG_COMPILER_APPICON_NAME = AppIcon;
				ASSETCATALOG_COMPILER_GLOBAL_ACCENT_COLOR_NAME = AccentColor;
				CODE_SIGN_STYLE = Automatic;
				CURRENT_PROJECT_VERSION = 1;
				GENERATE_INFOPLIST_FILE = YES;
				INFOPLIST_FILE = Trittstufe/Info.plist;
				INFOPLIST_KEY_UIApplicationSupportsIndirectInputEvents = YES;
				INFOPLIST_KEY_UILaunchStoryboardName = LaunchScreen;
				INFOPLIST_KEY_UIMainStoryboardFile = Main;
				INFOPLIST_KEY_UISupportedInterfaceOrientations_iPad = "UIInterfaceOrientationPortrait UIInterfaceOrientationPortraitUpsideDown UIInterfaceOrientationLandscapeLeft UIInterfaceOrientationLandscapeRight";
				INFOPLIST_KEY_UISupportedInterfaceOrientations_iPhone = "UIInterfaceOrientationPortrait UIInterfaceOrientationLandscapeLeft UIInterfaceOrientationLandscapeRight";
				LD_RUNPATH_SEARCH_PATHS = (
					"$(inherited)",
					"@executable_path/Frameworks",
				);
				MARKETING_VERSION = 1.0;
				PRODUCT_BUNDLE_IDENTIFIER = de.niklasschildhauer.Trittstufe;
				PRODUCT_NAME = "$(TARGET_NAME)";
				SWIFT_EMIT_LOC_STRINGS = YES;
				SWIFT_VERSION = 5.0;
				TARGETED_DEVICE_FAMILY = "1,2";
			};
			name = Debug;
		};
		85D6774127F87616004500D9 /* Release */ = {
			isa = XCBuildConfiguration;
			baseConfigurationReference = D4A3DA7A280F8DB2B985F4A5 /* Pods-Trittstufe.release.xcconfig */;
			buildSettings = {
				ASSETCATALOG_COMPILER_APPICON_NAME = AppIcon;
				ASSETCATALOG_COMPILER_GLOBAL_ACCENT_COLOR_NAME = AccentColor;
				CODE_SIGN_STYLE = Automatic;
				CURRENT_PROJECT_VERSION = 1;
				GENERATE_INFOPLIST_FILE = YES;
				INFOPLIST_FILE = Trittstufe/Info.plist;
				INFOPLIST_KEY_UIApplicationSupportsIndirectInputEvents = YES;
				INFOPLIST_KEY_UILaunchStoryboardName = LaunchScreen;
				INFOPLIST_KEY_UIMainStoryboardFile = Main;
				INFOPLIST_KEY_UISupportedInterfaceOrientations_iPad = "UIInterfaceOrientationPortrait UIInterfaceOrientationPortraitUpsideDown UIInterfaceOrientationLandscapeLeft UIInterfaceOrientationLandscapeRight";
				INFOPLIST_KEY_UISupportedInterfaceOrientations_iPhone = "UIInterfaceOrientationPortrait UIInterfaceOrientationLandscapeLeft UIInterfaceOrientationLandscapeRight";
				LD_RUNPATH_SEARCH_PATHS = (
					"$(inherited)",
					"@executable_path/Frameworks",
				);
				MARKETING_VERSION = 1.0;
				PRODUCT_BUNDLE_IDENTIFIER = de.niklasschildhauer.Trittstufe;
				PRODUCT_NAME = "$(TARGET_NAME)";
				SWIFT_EMIT_LOC_STRINGS = YES;
				SWIFT_VERSION = 5.0;
				TARGETED_DEVICE_FAMILY = "1,2";
			};
			name = Release;
		};
		85D6774327F87616004500D9 /* Debug */ = {
			isa = XCBuildConfiguration;
			baseConfigurationReference = 3FE963B7E3D2F294F75DDC25 /* Pods-TrittstufeTests.debug.xcconfig */;
			buildSettings = {
				ALWAYS_EMBED_SWIFT_STANDARD_LIBRARIES = YES;
				BUNDLE_LOADER = "$(TEST_HOST)";
				CODE_SIGN_STYLE = Automatic;
				CURRENT_PROJECT_VERSION = 1;
				GENERATE_INFOPLIST_FILE = YES;
				IPHONEOS_DEPLOYMENT_TARGET = 15.2;
				MARKETING_VERSION = 1.0;
				PRODUCT_BUNDLE_IDENTIFIER = de.niklasschildhauer.TrittstufeTests;
				PRODUCT_NAME = "$(TARGET_NAME)";
				SWIFT_EMIT_LOC_STRINGS = NO;
				SWIFT_VERSION = 5.0;
				TARGETED_DEVICE_FAMILY = "1,2";
				TEST_HOST = "$(BUILT_PRODUCTS_DIR)/Trittstufe.app/Trittstufe";
			};
			name = Debug;
		};
		85D6774427F87616004500D9 /* Release */ = {
			isa = XCBuildConfiguration;
			baseConfigurationReference = 62E1BD9DA078029E8172C317 /* Pods-TrittstufeTests.release.xcconfig */;
			buildSettings = {
				ALWAYS_EMBED_SWIFT_STANDARD_LIBRARIES = YES;
				BUNDLE_LOADER = "$(TEST_HOST)";
				CODE_SIGN_STYLE = Automatic;
				CURRENT_PROJECT_VERSION = 1;
				GENERATE_INFOPLIST_FILE = YES;
				IPHONEOS_DEPLOYMENT_TARGET = 15.2;
				MARKETING_VERSION = 1.0;
				PRODUCT_BUNDLE_IDENTIFIER = de.niklasschildhauer.TrittstufeTests;
				PRODUCT_NAME = "$(TARGET_NAME)";
				SWIFT_EMIT_LOC_STRINGS = NO;
				SWIFT_VERSION = 5.0;
				TARGETED_DEVICE_FAMILY = "1,2";
				TEST_HOST = "$(BUILT_PRODUCTS_DIR)/Trittstufe.app/Trittstufe";
			};
			name = Release;
		};
		85D6774627F87616004500D9 /* Debug */ = {
			isa = XCBuildConfiguration;
			baseConfigurationReference = B11A6AF867BE3C64EDD0E366 /* Pods-Trittstufe-TrittstufeUITests.debug.xcconfig */;
			buildSettings = {
				ALWAYS_EMBED_SWIFT_STANDARD_LIBRARIES = YES;
				CODE_SIGN_STYLE = Automatic;
				CURRENT_PROJECT_VERSION = 1;
				GENERATE_INFOPLIST_FILE = YES;
				MARKETING_VERSION = 1.0;
				PRODUCT_BUNDLE_IDENTIFIER = de.niklasschildhauer.TrittstufeUITests;
				PRODUCT_NAME = "$(TARGET_NAME)";
				SWIFT_EMIT_LOC_STRINGS = NO;
				SWIFT_VERSION = 5.0;
				TARGETED_DEVICE_FAMILY = "1,2";
				TEST_TARGET_NAME = Trittstufe;
			};
			name = Debug;
		};
		85D6774727F87616004500D9 /* Release */ = {
			isa = XCBuildConfiguration;
			baseConfigurationReference = 97EBD7A9A2F15F7213BB2CEF /* Pods-Trittstufe-TrittstufeUITests.release.xcconfig */;
			buildSettings = {
				ALWAYS_EMBED_SWIFT_STANDARD_LIBRARIES = YES;
				CODE_SIGN_STYLE = Automatic;
				CURRENT_PROJECT_VERSION = 1;
				GENERATE_INFOPLIST_FILE = YES;
				MARKETING_VERSION = 1.0;
				PRODUCT_BUNDLE_IDENTIFIER = de.niklasschildhauer.TrittstufeUITests;
				PRODUCT_NAME = "$(TARGET_NAME)";
				SWIFT_EMIT_LOC_STRINGS = NO;
				SWIFT_VERSION = 5.0;
				TARGETED_DEVICE_FAMILY = "1,2";
				TEST_TARGET_NAME = Trittstufe;
			};
			name = Release;
		};
/* End XCBuildConfiguration section */

/* Begin XCConfigurationList section */
		85D6770D27F87614004500D9 /* Build configuration list for PBXProject "Trittstufe" */ = {
			isa = XCConfigurationList;
			buildConfigurations = (
				85D6773D27F87616004500D9 /* Debug */,
				85D6773E27F87616004500D9 /* Release */,
			);
			defaultConfigurationIsVisible = 0;
			defaultConfigurationName = Release;
		};
		85D6773F27F87616004500D9 /* Build configuration list for PBXNativeTarget "Trittstufe" */ = {
			isa = XCConfigurationList;
			buildConfigurations = (
				85D6774027F87616004500D9 /* Debug */,
				85D6774127F87616004500D9 /* Release */,
			);
			defaultConfigurationIsVisible = 0;
			defaultConfigurationName = Release;
		};
		85D6774227F87616004500D9 /* Build configuration list for PBXNativeTarget "TrittstufeTests" */ = {
			isa = XCConfigurationList;
			buildConfigurations = (
				85D6774327F87616004500D9 /* Debug */,
				85D6774427F87616004500D9 /* Release */,
			);
			defaultConfigurationIsVisible = 0;
			defaultConfigurationName = Release;
		};
		85D6774527F87616004500D9 /* Build configuration list for PBXNativeTarget "TrittstufeUITests" */ = {
			isa = XCConfigurationList;
			buildConfigurations = (
				85D6774627F87616004500D9 /* Debug */,
				85D6774727F87616004500D9 /* Release */,
			);
			defaultConfigurationIsVisible = 0;
			defaultConfigurationName = Release;
		};
/* End XCConfigurationList section */

/* Begin XCVersionGroup section */
		85D6771E27F87614004500D9 /* Trittstufe.xcdatamodeld */ = {
			isa = XCVersionGroup;
			children = (
				85D6771F27F87614004500D9 /* Trittstufe.xcdatamodel */,
			);
			currentVersion = 85D6771F27F87614004500D9 /* Trittstufe.xcdatamodel */;
			path = Trittstufe.xcdatamodeld;
			sourceTree = "<group>";
			versionGroupType = wrapper.xcdatamodel;
		};
/* End XCVersionGroup section */
	};
	rootObject = 85D6770A27F87614004500D9 /* Project object */;
}
